<?xml version="1.0" encoding="utf-8"?>
<Project ToolsVersion="4.0" xmlns="http://schemas.microsoft.com/developer/msbuild/2003">
  <ItemGroup>
    <Filter Include="Source Files">
      <UniqueIdentifier>{fec21363-9eb2-4ea9-9ba8-309b4ae2e5d0}</UniqueIdentifier>
      <Extensions>cpp;c;cxx;rc;def;r;odl;idl;hpj;bat</Extensions>
    </Filter>
    <Filter Include="Source Files\Zlib">
      <UniqueIdentifier>{baaf25f4-39e2-49de-be28-aa01e84dbb1a}</UniqueIdentifier>
    </Filter>
    <Filter Include="Source Files\NoxLZH">
      <UniqueIdentifier>{ae0d994a-fa39-49c6-a1a9-7bb61c863c32}</UniqueIdentifier>
    </Filter>
    <Filter Include="Source Files\EAC">
      <UniqueIdentifier>{a5a6645e-c82f-4fbc-8701-955954f800b6}</UniqueIdentifier>
    </Filter>
    <Filter Include="Header Files">
      <UniqueIdentifier>{cafd8a46-a618-4b70-b546-5e684d4a6608}</UniqueIdentifier>
      <Extensions>h;hpp;hxx;hm;inl</Extensions>
    </Filter>
    <Filter Include="Header Files\Zlib.H">
      <UniqueIdentifier>{b6d6b029-0bfb-49e6-8cc5-4ca6b58611df}</UniqueIdentifier>
    </Filter>
    <Filter Include="Header Files\NoxLZH.H">
      <UniqueIdentifier>{e0d35869-e8a8-431c-b4ac-c64e11e529dd}</UniqueIdentifier>
    </Filter>
    <Filter Include="Header Files\EAC.H">
      <UniqueIdentifier>{591ec08e-466a-4bfe-9212-474f58e31bdc}</UniqueIdentifier>
    </Filter>
  </ItemGroup>
  <ItemGroup>
    <ClCompile Include="ZLib\adler32.c">
      <Filter>Source Files\Zlib</Filter>
    </ClCompile>
    <ClCompile Include="ZLib\compress.c">
      <Filter>Source Files\Zlib</Filter>
    </ClCompile>
    <ClCompile Include="ZLib\crc32.c">
      <Filter>Source Files\Zlib</Filter>
    </ClCompile>
    <ClCompile Include="ZLib\deflate.c">
      <Filter>Source Files\Zlib</Filter>
    </ClCompile>
    <ClCompile Include="ZLib\inffast.c">
      <Filter>Source Files\Zlib</Filter>
    </ClCompile>
    <ClCompile Include="ZLib\inflate.c">
      <Filter>Source Files\Zlib</Filter>
    </ClCompile>
    <ClCompile Include="ZLib\inftrees.c">
      <Filter>Source Files\Zlib</Filter>
    </ClCompile>
    <ClCompile Include="ZLib\trees.c">
      <Filter>Source Files\Zlib</Filter>
    </ClCompile>
    <ClCompile Include="ZLib\uncompr.c">
      <Filter>Source Files\Zlib</Filter>
    </ClCompile>
    <ClCompile Include="ZLib\zutil.c">
      <Filter>Source Files\Zlib</Filter>
    </ClCompile>
    <ClCompile Include="$(SolutionDir)\..\..\Common\Code\Libraries\Source\Compression\LZHCompress\CompLibSource\Huff.cpp">
      <Filter>Source Files\NoxLZH</Filter>
    </ClCompile>
    <ClCompile Include="$(SolutionDir)\..\..\Common\Code\Libraries\Source\Compression\LZHCompress\CompLibSource\Lz.cpp">
      <Filter>Source Files\NoxLZH</Filter>
    </ClCompile>
    <ClCompile Include="$(SolutionDir)\..\..\Common\Code\Libraries\Source\Compression\LZHCompress\CompLibSource\Lzhl.cpp">
      <Filter>Source Files\NoxLZH</Filter>
    </ClCompile>
    <ClCompile Include="$(SolutionDir)\..\..\Common\Code\Libraries\Source\Compression\LZHCompress\CompLibSource\Lzhl_tcp.cpp">
      <Filter>Source Files\NoxLZH</Filter>
    </ClCompile>
    <ClCompile Include="$(SolutionDir)\..\..\Common\Code\Libraries\Source\Compression\LZHCompress\NoxCompress.cpp">
      <Filter>Source Files\NoxLZH</Filter>
    </ClCompile>
    <ClCompile Include="$(SolutionDir)\..\..\Common\Code\Libraries\Source\Compression\EAC\btreeabout.cpp">
      <Filter>Source Files\EAC</Filter>
    </ClCompile>
    <ClCompile Include="$(SolutionDir)\..\..\Common\Code\Libraries\Source\Compression\EAC\btreedecode.cpp">
      <Filter>Source Files\EAC</Filter>
    </ClCompile>
    <ClCompile Include="$(SolutionDir)\..\..\Common\Code\Libraries\Source\Compression\EAC\btreeencode.cpp">
      <Filter>Source Files\EAC</Filter>
    </ClCompile>
    <ClCompile Include="$(SolutionDir)\..\..\Common\Code\Libraries\Source\Compression\EAC\huffabout.cpp">
      <Filter>Source Files\EAC</Filter>
    </ClCompile>
    <ClCompile Include="$(SolutionDir)\..\..\Common\Code\Libraries\Source\Compression\EAC\huffdecode.cpp">
      <Filter>Source Files\EAC</Filter>
    </ClCompile>
    <ClCompile Include="$(SolutionDir)\..\..\Common\Code\Libraries\Source\Compression\EAC\huffencode.cpp">
      <Filter>Source Files\EAC</Filter>
    </ClCompile>
    <ClCompile Include="$(SolutionDir)\..\..\Common\Code\Libraries\Source\Compression\EAC\refabout.cpp">
      <Filter>Source Files\EAC</Filter>
    </ClCompile>
    <ClCompile Include="$(SolutionDir)\..\..\Common\Code\Libraries\Source\Compression\EAC\refdecode.cpp">
      <Filter>Source Files\EAC</Filter>
    </ClCompile>
    <ClCompile Include="$(SolutionDir)\..\..\Common\Code\Libraries\Source\Compression\EAC\refencode.cpp">
      <Filter>Source Files\EAC</Filter>
    </ClCompile>
    <ClCompile Include="$(SolutionDir)\..\..\Common\Code\Libraries\Source\Compression\CompressionManager.cpp">
      <Filter>Source Files</Filter>
    </ClCompile>
  </ItemGroup>
  <ItemGroup>
    <ClInclude Include="ZLib\deflate.h">
      <Filter>Header Files\Zlib.H</Filter>
    </ClInclude>
    <ClInclude Include="ZLib\infblock.h">
      <Filter>Header Files\Zlib.H</Filter>
    </ClInclude>
    <ClInclude Include="ZLib\infcodes.h">
      <Filter>Header Files\Zlib.H</Filter>
    </ClInclude>
    <ClInclude Include="ZLib\inffast.h">
      <Filter>Header Files\Zlib.H</Filter>
    </ClInclude>
    <ClInclude Include="ZLib\inffixed.h">
      <Filter>Header Files\Zlib.H</Filter>
    </ClInclude>
    <ClInclude Include="ZLib\inftrees.h">
      <Filter>Header Files\Zlib.H</Filter>
    </ClInclude>
    <ClInclude Include="ZLib\infutil.h">
      <Filter>Header Files\Zlib.H</Filter>
    </ClInclude>
    <ClInclude Include="ZLib\trees.h">
      <Filter>Header Files\Zlib.H</Filter>
    </ClInclude>
    <ClInclude Include="ZLib\zconf.h">
      <Filter>Header Files\Zlib.H</Filter>
    </ClInclude>
    <ClInclude Include="ZLib\zlib.h">
      <Filter>Header Files\Zlib.H</Filter>
    </ClInclude>
    <ClInclude Include="ZLib\zutil.h">
      <Filter>Header Files\Zlib.H</Filter>
    </ClInclude>
    <ClInclude Include="LZHCompress\CompLibHeader\_huff.h">
      <Filter>Header Files\NoxLZH.H</Filter>
    </ClInclude>
    <ClInclude Include="LZHCompress\CompLibHeader\_lz.h">
      <Filter>Header Files\NoxLZH.H</Filter>
    </ClInclude>
    <ClInclude Include="LZHCompress\CompLibHeader\_lzhl.h">
      <Filter>Header Files\NoxLZH.H</Filter>
    </ClInclude>
    <ClInclude Include="LZHCompress\CompLibHeader\Lzhl.h">
      <Filter>Header Files\NoxLZH.H</Filter>
    </ClInclude>
    <ClInclude Include="LZHCompress\CompLibHeader\Lzhl_tcp.h">
      <Filter>Header Files\NoxLZH.H</Filter>
    </ClInclude>
    <ClInclude Include="LZHCompress\NoxCompress.h">
      <Filter>Header Files\NoxLZH.H</Filter>
    </ClInclude>
    <ClInclude Include="EAC\btreecodex.h">
      <Filter>Header Files\EAC.H</Filter>
    </ClInclude>
    <ClInclude Include="EAC\codex.h">
      <Filter>Header Files\EAC.H</Filter>
    </ClInclude>
    <ClInclude Include="EAC\gimex.h">
      <Filter>Header Files\EAC.H</Filter>
    </ClInclude>
    <ClInclude Include="EAC\huffcodex.h">
      <Filter>Header Files\EAC.H</Filter>
    </ClInclude>
    <ClInclude Include="EAC\refcodex.h">
      <Filter>Header Files\EAC.H</Filter>
    </ClInclude>
    <ClInclude Include="Compression.h">
      <Filter>Header Files</Filter>
    </ClInclude>
  </ItemGroup>
  <ItemGroup>
    <CustomBuild Include="LZHCompress\CompLibSource\Hdec_g.tbl">
      <Filter>Source Files\NoxLZH</Filter>
    </CustomBuild>
    <CustomBuild Include="LZHCompress\CompLibSource\Hdec_s.tbl">
      <Filter>Source Files\NoxLZH</Filter>
    </CustomBuild>
    <CustomBuild Include="LZHCompress\CompLibSource\Hdisp.tbl">
      <Filter>Source Files\NoxLZH</Filter>
    </CustomBuild>
    <CustomBuild Include="LZHCompress\CompLibSource\Henc.tbl">
      <Filter>Source Files\NoxLZH</Filter>
    </CustomBuild>
  </ItemGroup>
</Project>
