<?xml version="1.0" encoding="utf-8"?>
<Project ToolsVersion="4.0" xmlns="http://schemas.microsoft.com/developer/msbuild/2003">
  <ItemGroup>
    <Filter Include="Source Files">
      <UniqueIdentifier>{ee9c5a94-21cc-43bc-99ca-778a084c987b}</UniqueIdentifier>
      <Extensions>cpp;c;cxx;rc;def;r;odl;idl;hpj;bat</Extensions>
    </Filter>
    <Filter Include="Header Files">
      <UniqueIdentifier>{e2da5070-4e7c-475d-bfcf-478785aa194f}</UniqueIdentifier>
      <Extensions>h;hpp;hxx;hm;inl</Extensions>
    </Filter>
    <Filter Include="Resource Files">
      <UniqueIdentifier>{b129e3fe-4e18-4166-b304-41994683a8a8}</UniqueIdentifier>
      <Extensions>ico;cur;bmp;dlg;rc2;rct;bin;rgs;gif;jpg;jpeg;jpe</Extensions>
    </Filter>
  </ItemGroup>
  <ItemGroup>
    <ClCompile Include="$(SolutionDir)\..\..\Common\Code\Tools\Launcher\BFISH.CPP">
      <Filter>Source Files</Filter>
    </ClCompile>
    <ClCompile Include="DatGen.cpp">
      <Filter>Source Files</Filter>
    </ClCompile>
    <ClCompile Include="..\Toolkit\Debug\DebugPrint.cpp">
      <Filter>Source Files</Filter>
    </ClCompile>
  </ItemGroup>
  <ItemGroup>
    <ClInclude Include="..\BFISH.H">
      <Filter>Header Files</Filter>
    </ClInclude>
    <ClInclude Include="..\SafeDisk\CdaPfn.h">
      <Filter>Header Files</Filter>
    </ClInclude>
    <ClInclude Include="..\Toolkit\Debug\DebugPrint.h">
      <Filter>Header Files</Filter>
    </ClInclude>
  </ItemGroup>
</Project>
