
Microsoft Visual Studio Solution File, Format Version 12.00
# Visual Studio Version 17
VisualStudioVersion = 17.13.35825.156 d17.13
MinimumVisualStudioVersion = 10.0.40219.1
Project("{8BC9CEB8-8B4A-11D0-8D11-00A0C91BC942}") = "Compress", "Tools\Compress\Compress.vcxproj", "{2E541543-4916-4274-AD4B-4F0C24A64BD2}"
EndProject
Project("{8BC9CEB8-8B4A-11D0-8D11-00A0C91BC942}") = "Compression", "Libraries\Source\Compression\Compression.vcxproj", "{511970A4-3D09-4A98-8E3D-823A57AB68FE}"
EndProject
Project("{8BC9CEB8-8B4A-11D0-8D11-00A0C91BC942}") = "DatGen", "Tools\Launcher\DatGen\DatGen.vcxproj", "{7F02ADF2-BEB5-4A33-835A-B1B9F22533D3}"
EndProject
Project("{8BC9CEB8-8B4A-11D0-8D11-00A0C91BC942}") = "DebugWindow", "Tools\DebugWindow\DebugWindow.vcxproj", "{EF0CF2B4-2C38-4F8F-98E6-022B296E83F8}"
EndProject
Project("{8BC9CEB8-8B4A-11D0-8D11-00A0C91BC942}") = "EABrowserDispatch", "Libraries\Source\EABrowserDispatch\EABrowserDispatch.vcxproj", "{81C8F852-E1C1-487E-A6ED-D5898FECD4D5}"
EndProject
Project("{8BC9CEB8-8B4A-11D0-8D11-00A0C91BC942}") = "GUIEdit", "Tools\GUIEdit\GUIEdit.vcxproj", "{4347523D-5396-43A5-AC3B-F5D6A78DB654}"
EndProject
Project("{8BC9CEB8-8B4A-11D0-8D11-00A0C91BC942}") = "GameEngine", "GameEngine\GameEngine.vcxproj", "{B3812FCD-2F41-4EB3-87A6-7D1CBE986339}"
EndProject
Project("{8BC9CEB8-8B4A-11D0-8D11-00A0C91BC942}") = "GameEngineDevice", "GameEngineDevice\GameEngineDevice.vcxproj", "{F25125B3-880D-4FDB-A4E1-382EE79BC71D}"
EndProject
Project("{8BC9CEB8-8B4A-11D0-8D11-00A0C91BC942}") = "ImagePacker", "Tools\ImagePacker\ImagePacker.vcxproj", "{A550002A-9F7A-4FA9-8106-AFDC8317CD7D}"
EndProject
Project("{8BC9CEB8-8B4A-11D0-8D11-00A0C91BC942}") = "MapCacheBuilder", "Tools\MapCacheBuilder\MapCacheBuilder.vcxproj", "{32B190CD-9786-4A2F-BA7C-0B56D7BA952C}"
EndProject
Project("{8BC9CEB8-8B4A-11D0-8D11-00A0C91BC942}") = "ParticleEditor", "Tools\ParticleEditor\ParticleEditor.vcxproj", "{2DD55523-0CE7-46BF-A96C-533D2F3EFDA5}"
EndProject
Project("{8BC9CEB8-8B4A-11D0-8D11-00A0C91BC942}") = "RTS", "RTS.vcxproj", "{FA69FE81-526B-478D-928D-03F3694EED39}"
EndProject
Project("{8BC9CEB8-8B4A-11D0-8D11-00A0C91BC942}") = "WWDownload", "Libraries\Source\WWVegas\WWDownload\WWDownload.vcxproj", "{2684DCA1-DEC3-4F52-817A-3EC62B7F745F}"
EndProject
Project("{8BC9CEB8-8B4A-11D0-8D11-00A0C91BC942}") = "WorldBuilder", "Tools\WorldBuilder\WorldBuilder.vcxproj", "{60206295-6EC3-45B0-80E4-C7CFE52409D1}"
EndProject
Project("{8BC9CEB8-8B4A-11D0-8D11-00A0C91BC942}") = "buildVersionUpdate", "Tools\buildVersionUpdate\buildVersionUpdate.vcxproj", "{6FD84E4C-1B31-4194-8B67-BB3FB0547F6B}"
EndProject
Project("{8BC9CEB8-8B4A-11D0-8D11-00A0C91BC942}") = "launcher", "Tools\Launcher\launcher.vcxproj", "{DB37ED2A-A06D-456F-AE1F-57880B570EC3}"
EndProject
Project("{8BC9CEB8-8B4A-11D0-8D11-00A0C91BC942}") = "max2w3d", "Tools\WW3D\max2w3d\max2w3d.vcxproj", "{A73552D7-5869-468F-BA61-C8914BF7BFDB}"
EndProject
Project("{8BC9CEB8-8B4A-11D0-8D11-00A0C91BC942}") = "pluglib", "Tools\WW3D\pluglib\pluglib.vcxproj", "{A04EA580-0D86-4426-AA5C-2614794E8117}"
EndProject
Project("{8BC9CEB8-8B4A-11D0-8D11-00A0C91BC942}") = "textureCompress", "Tools\textureCompress\textureCompress.vcxproj", "{8FB100BF-C53F-4BAD-BD2C-CCD245F6A15A}"
EndProject
Project("{8BC9CEB8-8B4A-11D0-8D11-00A0C91BC942}") = "versionUpdate", "Tools\versionUpdate\versionUpdate.vcxproj", "{22C625A2-7671-422C-9A31-19BC3CFABECD}"
EndProject
Project("{8BC9CEB8-8B4A-11D0-8D11-00A0C91BC942}") = "ww3d2", "Libraries\Source\WWVegas\WW3D2\ww3d2.vcxproj", "{44ACBBE7-78B0-496D-975C-EB8A47381450}"
EndProject
Project("{8BC9CEB8-8B4A-11D0-8D11-00A0C91BC942}") = "wwdebug", "Libraries\Source\WWVegas\WWDebug\wwdebug.vcxproj", "{84828BD1-5317-4E1E-A926-F8741D32FD47}"
EndProject
Project("{8BC9CEB8-8B4A-11D0-8D11-00A0C91BC942}") = "wwlib", "Libraries\Source\WWVegas\WWLib\wwlib.vcxproj", "{B5B02821-7DE5-4AD4-BA09-B747BBE2FD43}"
EndProject
Project("{8BC9CEB8-8B4A-11D0-8D11-00A0C91BC942}") = "wwmath", "Libraries\Source\WWVegas\WWMath\wwmath.vcxproj", "{914E26D3-C4A9-443C-BDFC-286236DF57B3}"
EndProject
Project("{8BC9CEB8-8B4A-11D0-8D11-00A0C91BC942}") = "wwsaveload", "Libraries\Source\WWVegas\WWSaveLoad\wwsaveload.vcxproj", "{6FF126FB-DDAE-4A85-B315-AE2BF7DA717D}"
EndProject
Project("{8BC9CEB8-8B4A-11D0-8D11-00A0C91BC942}") = "wwutil", "Libraries\Source\WWVegas\Wwutil\wwutil.vcxproj", "{CFCACD4B-266B-4D93-BFF6-8DA529E96A30}"
EndProject
Global
	GlobalSection(SolutionConfigurationPlatforms) = preSolution
		Debug|x64 = Debug|x64
		Debug|x86 = Debug|x86
		DebugE|x64 = DebugE|x64
		DebugE|x86 = DebugE|x86
		Hybrid|x64 = Hybrid|x64
		Hybrid|x86 = Hybrid|x86
		Internal|x64 = Internal|x64
		Internal|x86 = Internal|x86
		Max4Hybrid|x64 = Max4Hybrid|x64
		Max4Hybrid|x86 = Max4Hybrid|x86
		Max4Release|x64 = Max4Release|x64
		Max4Release|x86 = Max4Release|x86
		Profile|x64 = Profile|x64
		Profile|x86 = Profile|x86
		ProfileE|x64 = ProfileE|x64
		ProfileE|x86 = ProfileE|x86
		Release|x64 = Release|x64
		Release|x86 = Release|x86
		Template|x64 = Template|x64
		Template|x86 = Template|x86
	EndGlobalSection
	GlobalSection(ProjectConfigurationPlatforms) = postSolution
		{2E541543-4916-4274-AD4B-4F0C24A64BD2}.Debug|x64.ActiveCfg = Debug|x64
		{2E541543-4916-4274-AD4B-4F0C24A64BD2}.Debug|x64.Build.0 = Debug|x64
		{2E541543-4916-4274-AD4B-4F0C24A64BD2}.Debug|x86.ActiveCfg = Debug|Win32
		{2E541543-4916-4274-AD4B-4F0C24A64BD2}.Debug|x86.Build.0 = Debug|Win32
		{2E541543-4916-4274-AD4B-4F0C24A64BD2}.DebugE|x64.ActiveCfg = Debug|x64
		{2E541543-4916-4274-AD4B-4F0C24A64BD2}.DebugE|x64.Build.0 = Debug|x64
		{2E541543-4916-4274-AD4B-4F0C24A64BD2}.DebugE|x86.ActiveCfg = Debug|Win32
		{2E541543-4916-4274-AD4B-4F0C24A64BD2}.DebugE|x86.Build.0 = Debug|Win32
		{2E541543-4916-4274-AD4B-4F0C24A64BD2}.Hybrid|x64.ActiveCfg = Debug|x64
		{2E541543-4916-4274-AD4B-4F0C24A64BD2}.Hybrid|x64.Build.0 = Debug|x64
		{2E541543-4916-4274-AD4B-4F0C24A64BD2}.Hybrid|x86.ActiveCfg = Debug|Win32
		{2E541543-4916-4274-AD4B-4F0C24A64BD2}.Hybrid|x86.Build.0 = Debug|Win32
		{2E541543-4916-4274-AD4B-4F0C24A64BD2}.Internal|x64.ActiveCfg = Debug|x64
		{2E541543-4916-4274-AD4B-4F0C24A64BD2}.Internal|x64.Build.0 = Debug|x64
		{2E541543-4916-4274-AD4B-4F0C24A64BD2}.Internal|x86.ActiveCfg = Debug|Win32
		{2E541543-4916-4274-AD4B-4F0C24A64BD2}.Internal|x86.Build.0 = Debug|Win32
		{2E541543-4916-4274-AD4B-4F0C24A64BD2}.Max4Hybrid|x64.ActiveCfg = Debug|x64
		{2E541543-4916-4274-AD4B-4F0C24A64BD2}.Max4Hybrid|x64.Build.0 = Debug|x64
		{2E541543-4916-4274-AD4B-4F0C24A64BD2}.Max4Hybrid|x86.ActiveCfg = Debug|Win32
		{2E541543-4916-4274-AD4B-4F0C24A64BD2}.Max4Hybrid|x86.Build.0 = Debug|Win32
		{2E541543-4916-4274-AD4B-4F0C24A64BD2}.Max4Release|x64.ActiveCfg = Release|x64
		{2E541543-4916-4274-AD4B-4F0C24A64BD2}.Max4Release|x64.Build.0 = Release|x64
		{2E541543-4916-4274-AD4B-4F0C24A64BD2}.Max4Release|x86.ActiveCfg = Release|Win32
		{2E541543-4916-4274-AD4B-4F0C24A64BD2}.Max4Release|x86.Build.0 = Release|Win32
		{2E541543-4916-4274-AD4B-4F0C24A64BD2}.Profile|x64.ActiveCfg = Debug|x64
		{2E541543-4916-4274-AD4B-4F0C24A64BD2}.Profile|x64.Build.0 = Debug|x64
		{2E541543-4916-4274-AD4B-4F0C24A64BD2}.Profile|x86.ActiveCfg = Debug|Win32
		{2E541543-4916-4274-AD4B-4F0C24A64BD2}.Profile|x86.Build.0 = Debug|Win32
		{2E541543-4916-4274-AD4B-4F0C24A64BD2}.ProfileE|x64.ActiveCfg = Debug|x64
		{2E541543-4916-4274-AD4B-4F0C24A64BD2}.ProfileE|x64.Build.0 = Debug|x64
		{2E541543-4916-4274-AD4B-4F0C24A64BD2}.ProfileE|x86.ActiveCfg = Debug|Win32
		{2E541543-4916-4274-AD4B-4F0C24A64BD2}.ProfileE|x86.Build.0 = Debug|Win32
		{2E541543-4916-4274-AD4B-4F0C24A64BD2}.Release|x64.ActiveCfg = Release|x64
		{2E541543-4916-4274-AD4B-4F0C24A64BD2}.Release|x64.Build.0 = Release|x64
		{2E541543-4916-4274-AD4B-4F0C24A64BD2}.Release|x86.ActiveCfg = Release|Win32
		{2E541543-4916-4274-AD4B-4F0C24A64BD2}.Release|x86.Build.0 = Release|Win32
		{2E541543-4916-4274-AD4B-4F0C24A64BD2}.Template|x64.ActiveCfg = Debug|x64
		{2E541543-4916-4274-AD4B-4F0C24A64BD2}.Template|x64.Build.0 = Debug|x64
		{2E541543-4916-4274-AD4B-4F0C24A64BD2}.Template|x86.ActiveCfg = Debug|Win32
		{2E541543-4916-4274-AD4B-4F0C24A64BD2}.Template|x86.Build.0 = Debug|Win32
		{511970A4-3D09-4A98-8E3D-823A57AB68FE}.Debug|x64.ActiveCfg = Debug|x64
		{511970A4-3D09-4A98-8E3D-823A57AB68FE}.Debug|x64.Build.0 = Debug|x64
		{511970A4-3D09-4A98-8E3D-823A57AB68FE}.Debug|x86.ActiveCfg = Debug|Win32
		{511970A4-3D09-4A98-8E3D-823A57AB68FE}.Debug|x86.Build.0 = Debug|Win32
		{511970A4-3D09-4A98-8E3D-823A57AB68FE}.DebugE|x64.ActiveCfg = Debug|x64
		{511970A4-3D09-4A98-8E3D-823A57AB68FE}.DebugE|x64.Build.0 = Debug|x64
		{511970A4-3D09-4A98-8E3D-823A57AB68FE}.DebugE|x86.ActiveCfg = Debug|Win32
		{511970A4-3D09-4A98-8E3D-823A57AB68FE}.DebugE|x86.Build.0 = Debug|Win32
		{511970A4-3D09-4A98-8E3D-823A57AB68FE}.Hybrid|x64.ActiveCfg = Debug|x64
		{511970A4-3D09-4A98-8E3D-823A57AB68FE}.Hybrid|x64.Build.0 = Debug|x64
		{511970A4-3D09-4A98-8E3D-823A57AB68FE}.Hybrid|x86.ActiveCfg = Debug|Win32
		{511970A4-3D09-4A98-8E3D-823A57AB68FE}.Hybrid|x86.Build.0 = Debug|Win32
		{511970A4-3D09-4A98-8E3D-823A57AB68FE}.Internal|x64.ActiveCfg = Internal|x64
		{511970A4-3D09-4A98-8E3D-823A57AB68FE}.Internal|x64.Build.0 = Internal|x64
		{511970A4-3D09-4A98-8E3D-823A57AB68FE}.Internal|x86.ActiveCfg = Internal|Win32
		{511970A4-3D09-4A98-8E3D-823A57AB68FE}.Internal|x86.Build.0 = Internal|Win32
		{511970A4-3D09-4A98-8E3D-823A57AB68FE}.Max4Hybrid|x64.ActiveCfg = Debug|x64
		{511970A4-3D09-4A98-8E3D-823A57AB68FE}.Max4Hybrid|x64.Build.0 = Debug|x64
		{511970A4-3D09-4A98-8E3D-823A57AB68FE}.Max4Hybrid|x86.ActiveCfg = Debug|Win32
		{511970A4-3D09-4A98-8E3D-823A57AB68FE}.Max4Hybrid|x86.Build.0 = Debug|Win32
		{511970A4-3D09-4A98-8E3D-823A57AB68FE}.Max4Release|x64.ActiveCfg = Release|x64
		{511970A4-3D09-4A98-8E3D-823A57AB68FE}.Max4Release|x64.Build.0 = Release|x64
		{511970A4-3D09-4A98-8E3D-823A57AB68FE}.Max4Release|x86.ActiveCfg = Release|Win32
		{511970A4-3D09-4A98-8E3D-823A57AB68FE}.Max4Release|x86.Build.0 = Release|Win32
		{511970A4-3D09-4A98-8E3D-823A57AB68FE}.Profile|x64.ActiveCfg = Debug|x64
		{511970A4-3D09-4A98-8E3D-823A57AB68FE}.Profile|x64.Build.0 = Debug|x64
		{511970A4-3D09-4A98-8E3D-823A57AB68FE}.Profile|x86.ActiveCfg = Debug|Win32
		{511970A4-3D09-4A98-8E3D-823A57AB68FE}.Profile|x86.Build.0 = Debug|Win32
		{511970A4-3D09-4A98-8E3D-823A57AB68FE}.ProfileE|x64.ActiveCfg = Debug|x64
		{511970A4-3D09-4A98-8E3D-823A57AB68FE}.ProfileE|x64.Build.0 = Debug|x64
		{511970A4-3D09-4A98-8E3D-823A57AB68FE}.ProfileE|x86.ActiveCfg = Debug|Win32
		{511970A4-3D09-4A98-8E3D-823A57AB68FE}.ProfileE|x86.Build.0 = Debug|Win32
		{511970A4-3D09-4A98-8E3D-823A57AB68FE}.Release|x64.ActiveCfg = Release|x64
		{511970A4-3D09-4A98-8E3D-823A57AB68FE}.Release|x64.Build.0 = Release|x64
		{511970A4-3D09-4A98-8E3D-823A57AB68FE}.Release|x86.ActiveCfg = Release|Win32
		{511970A4-3D09-4A98-8E3D-823A57AB68FE}.Release|x86.Build.0 = Release|Win32
		{511970A4-3D09-4A98-8E3D-823A57AB68FE}.Template|x64.ActiveCfg = Template|x64
		{511970A4-3D09-4A98-8E3D-823A57AB68FE}.Template|x64.Build.0 = Template|x64
		{511970A4-3D09-4A98-8E3D-823A57AB68FE}.Template|x86.ActiveCfg = Template|Win32
		{511970A4-3D09-4A98-8E3D-823A57AB68FE}.Template|x86.Build.0 = Template|Win32
		{7F02ADF2-BEB5-4A33-835A-B1B9F22533D3}.Debug|x64.ActiveCfg = Debug|x64
		{7F02ADF2-BEB5-4A33-835A-B1B9F22533D3}.Debug|x64.Build.0 = Debug|x64
		{7F02ADF2-BEB5-4A33-835A-B1B9F22533D3}.Debug|x86.ActiveCfg = Debug|Win32
		{7F02ADF2-BEB5-4A33-835A-B1B9F22533D3}.Debug|x86.Build.0 = Debug|Win32
		{7F02ADF2-BEB5-4A33-835A-B1B9F22533D3}.DebugE|x64.ActiveCfg = Debug|x64
		{7F02ADF2-BEB5-4A33-835A-B1B9F22533D3}.DebugE|x64.Build.0 = Debug|x64
		{7F02ADF2-BEB5-4A33-835A-B1B9F22533D3}.DebugE|x86.ActiveCfg = Debug|Win32
		{7F02ADF2-BEB5-4A33-835A-B1B9F22533D3}.DebugE|x86.Build.0 = Debug|Win32
		{7F02ADF2-BEB5-4A33-835A-B1B9F22533D3}.Hybrid|x64.ActiveCfg = Debug|x64
		{7F02ADF2-BEB5-4A33-835A-B1B9F22533D3}.Hybrid|x64.Build.0 = Debug|x64
		{7F02ADF2-BEB5-4A33-835A-B1B9F22533D3}.Hybrid|x86.ActiveCfg = Debug|Win32
		{7F02ADF2-BEB5-4A33-835A-B1B9F22533D3}.Hybrid|x86.Build.0 = Debug|Win32
		{7F02ADF2-BEB5-4A33-835A-B1B9F22533D3}.Internal|x64.ActiveCfg = Debug|x64
		{7F02ADF2-BEB5-4A33-835A-B1B9F22533D3}.Internal|x64.Build.0 = Debug|x64
		{7F02ADF2-BEB5-4A33-835A-B1B9F22533D3}.Internal|x86.ActiveCfg = Debug|Win32
		{7F02ADF2-BEB5-4A33-835A-B1B9F22533D3}.Internal|x86.Build.0 = Debug|Win32
		{7F02ADF2-BEB5-4A33-835A-B1B9F22533D3}.Max4Hybrid|x64.ActiveCfg = Debug|x64
		{7F02ADF2-BEB5-4A33-835A-B1B9F22533D3}.Max4Hybrid|x64.Build.0 = Debug|x64
		{7F02ADF2-BEB5-4A33-835A-B1B9F22533D3}.Max4Hybrid|x86.ActiveCfg = Debug|Win32
		{7F02ADF2-BEB5-4A33-835A-B1B9F22533D3}.Max4Hybrid|x86.Build.0 = Debug|Win32
		{7F02ADF2-BEB5-4A33-835A-B1B9F22533D3}.Max4Release|x64.ActiveCfg = Release|x64
		{7F02ADF2-BEB5-4A33-835A-B1B9F22533D3}.Max4Release|x64.Build.0 = Release|x64
		{7F02ADF2-BEB5-4A33-835A-B1B9F22533D3}.Max4Release|x86.ActiveCfg = Release|Win32
		{7F02ADF2-BEB5-4A33-835A-B1B9F22533D3}.Max4Release|x86.Build.0 = Release|Win32
		{7F02ADF2-BEB5-4A33-835A-B1B9F22533D3}.Profile|x64.ActiveCfg = Debug|x64
		{7F02ADF2-BEB5-4A33-835A-B1B9F22533D3}.Profile|x64.Build.0 = Debug|x64
		{7F02ADF2-BEB5-4A33-835A-B1B9F22533D3}.Profile|x86.ActiveCfg = Debug|Win32
		{7F02ADF2-BEB5-4A33-835A-B1B9F22533D3}.Profile|x86.Build.0 = Debug|Win32
		{7F02ADF2-BEB5-4A33-835A-B1B9F22533D3}.ProfileE|x64.ActiveCfg = Debug|x64
		{7F02ADF2-BEB5-4A33-835A-B1B9F22533D3}.ProfileE|x64.Build.0 = Debug|x64
		{7F02ADF2-BEB5-4A33-835A-B1B9F22533D3}.ProfileE|x86.ActiveCfg = Debug|Win32
		{7F02ADF2-BEB5-4A33-835A-B1B9F22533D3}.ProfileE|x86.Build.0 = Debug|Win32
		{7F02ADF2-BEB5-4A33-835A-B1B9F22533D3}.Release|x64.ActiveCfg = Release|x64
		{7F02ADF2-BEB5-4A33-835A-B1B9F22533D3}.Release|x64.Build.0 = Release|x64
		{7F02ADF2-BEB5-4A33-835A-B1B9F22533D3}.Release|x86.ActiveCfg = Release|Win32
		{7F02ADF2-BEB5-4A33-835A-B1B9F22533D3}.Release|x86.Build.0 = Release|Win32
		{7F02ADF2-BEB5-4A33-835A-B1B9F22533D3}.Template|x64.ActiveCfg = Template|x64
		{7F02ADF2-BEB5-4A33-835A-B1B9F22533D3}.Template|x64.Build.0 = Template|x64
		{7F02ADF2-BEB5-4A33-835A-B1B9F22533D3}.Template|x86.ActiveCfg = Template|Win32
		{7F02ADF2-BEB5-4A33-835A-B1B9F22533D3}.Template|x86.Build.0 = Template|Win32
		{EF0CF2B4-2C38-4F8F-98E6-022B296E83F8}.Debug|x64.ActiveCfg = Debug|x64
		{EF0CF2B4-2C38-4F8F-98E6-022B296E83F8}.Debug|x64.Build.0 = Debug|x64
		{EF0CF2B4-2C38-4F8F-98E6-022B296E83F8}.Debug|x86.ActiveCfg = Debug|Win32
		{EF0CF2B4-2C38-4F8F-98E6-022B296E83F8}.Debug|x86.Build.0 = Debug|Win32
		{EF0CF2B4-2C38-4F8F-98E6-022B296E83F8}.DebugE|x64.ActiveCfg = Debug|x64
		{EF0CF2B4-2C38-4F8F-98E6-022B296E83F8}.DebugE|x64.Build.0 = Debug|x64
		{EF0CF2B4-2C38-4F8F-98E6-022B296E83F8}.DebugE|x86.ActiveCfg = Debug|Win32
		{EF0CF2B4-2C38-4F8F-98E6-022B296E83F8}.DebugE|x86.Build.0 = Debug|Win32
		{EF0CF2B4-2C38-4F8F-98E6-022B296E83F8}.Hybrid|x64.ActiveCfg = Debug|x64
		{EF0CF2B4-2C38-4F8F-98E6-022B296E83F8}.Hybrid|x64.Build.0 = Debug|x64
		{EF0CF2B4-2C38-4F8F-98E6-022B296E83F8}.Hybrid|x86.ActiveCfg = Debug|Win32
		{EF0CF2B4-2C38-4F8F-98E6-022B296E83F8}.Hybrid|x86.Build.0 = Debug|Win32
		{EF0CF2B4-2C38-4F8F-98E6-022B296E83F8}.Internal|x64.ActiveCfg = Debug|x64
		{EF0CF2B4-2C38-4F8F-98E6-022B296E83F8}.Internal|x64.Build.0 = Debug|x64
		{EF0CF2B4-2C38-4F8F-98E6-022B296E83F8}.Internal|x86.ActiveCfg = Debug|Win32
		{EF0CF2B4-2C38-4F8F-98E6-022B296E83F8}.Internal|x86.Build.0 = Debug|Win32
		{EF0CF2B4-2C38-4F8F-98E6-022B296E83F8}.Max4Hybrid|x64.ActiveCfg = Debug|x64
		{EF0CF2B4-2C38-4F8F-98E6-022B296E83F8}.Max4Hybrid|x64.Build.0 = Debug|x64
		{EF0CF2B4-2C38-4F8F-98E6-022B296E83F8}.Max4Hybrid|x86.ActiveCfg = Debug|Win32
		{EF0CF2B4-2C38-4F8F-98E6-022B296E83F8}.Max4Hybrid|x86.Build.0 = Debug|Win32
		{EF0CF2B4-2C38-4F8F-98E6-022B296E83F8}.Max4Release|x64.ActiveCfg = Release|x64
		{EF0CF2B4-2C38-4F8F-98E6-022B296E83F8}.Max4Release|x64.Build.0 = Release|x64
		{EF0CF2B4-2C38-4F8F-98E6-022B296E83F8}.Max4Release|x86.ActiveCfg = Release|Win32
		{EF0CF2B4-2C38-4F8F-98E6-022B296E83F8}.Max4Release|x86.Build.0 = Release|Win32
		{EF0CF2B4-2C38-4F8F-98E6-022B296E83F8}.Profile|x64.ActiveCfg = Debug|x64
		{EF0CF2B4-2C38-4F8F-98E6-022B296E83F8}.Profile|x64.Build.0 = Debug|x64
		{EF0CF2B4-2C38-4F8F-98E6-022B296E83F8}.Profile|x86.ActiveCfg = Debug|Win32
		{EF0CF2B4-2C38-4F8F-98E6-022B296E83F8}.Profile|x86.Build.0 = Debug|Win32
		{EF0CF2B4-2C38-4F8F-98E6-022B296E83F8}.ProfileE|x64.ActiveCfg = Debug|x64
		{EF0CF2B4-2C38-4F8F-98E6-022B296E83F8}.ProfileE|x64.Build.0 = Debug|x64
		{EF0CF2B4-2C38-4F8F-98E6-022B296E83F8}.ProfileE|x86.ActiveCfg = Debug|Win32
		{EF0CF2B4-2C38-4F8F-98E6-022B296E83F8}.ProfileE|x86.Build.0 = Debug|Win32
		{EF0CF2B4-2C38-4F8F-98E6-022B296E83F8}.Release|x64.ActiveCfg = Release|x64
		{EF0CF2B4-2C38-4F8F-98E6-022B296E83F8}.Release|x64.Build.0 = Release|x64
		{EF0CF2B4-2C38-4F8F-98E6-022B296E83F8}.Release|x86.ActiveCfg = Release|Win32
		{EF0CF2B4-2C38-4F8F-98E6-022B296E83F8}.Release|x86.Build.0 = Release|Win32
		{EF0CF2B4-2C38-4F8F-98E6-022B296E83F8}.Template|x64.ActiveCfg = Template|x64
		{EF0CF2B4-2C38-4F8F-98E6-022B296E83F8}.Template|x64.Build.0 = Template|x64
		{EF0CF2B4-2C38-4F8F-98E6-022B296E83F8}.Template|x86.ActiveCfg = Template|Win32
		{EF0CF2B4-2C38-4F8F-98E6-022B296E83F8}.Template|x86.Build.0 = Template|Win32
		{81C8F852-E1C1-487E-A6ED-D5898FECD4D5}.Debug|x64.ActiveCfg = Debug|x64
		{81C8F852-E1C1-487E-A6ED-D5898FECD4D5}.Debug|x64.Build.0 = Debug|x64
		{81C8F852-E1C1-487E-A6ED-D5898FECD4D5}.Debug|x86.ActiveCfg = Debug|Win32
		{81C8F852-E1C1-487E-A6ED-D5898FECD4D5}.Debug|x86.Build.0 = Debug|Win32
		{81C8F852-E1C1-487E-A6ED-D5898FECD4D5}.DebugE|x64.ActiveCfg = Debug|x64
		{81C8F852-E1C1-487E-A6ED-D5898FECD4D5}.DebugE|x64.Build.0 = Debug|x64
		{81C8F852-E1C1-487E-A6ED-D5898FECD4D5}.DebugE|x86.ActiveCfg = Debug|Win32
		{81C8F852-E1C1-487E-A6ED-D5898FECD4D5}.DebugE|x86.Build.0 = Debug|Win32
		{81C8F852-E1C1-487E-A6ED-D5898FECD4D5}.Hybrid|x64.ActiveCfg = Debug|x64
		{81C8F852-E1C1-487E-A6ED-D5898FECD4D5}.Hybrid|x64.Build.0 = Debug|x64
		{81C8F852-E1C1-487E-A6ED-D5898FECD4D5}.Hybrid|x86.ActiveCfg = Debug|Win32
		{81C8F852-E1C1-487E-A6ED-D5898FECD4D5}.Hybrid|x86.Build.0 = Debug|Win32
		{81C8F852-E1C1-487E-A6ED-D5898FECD4D5}.Internal|x64.ActiveCfg = Internal|x64
		{81C8F852-E1C1-487E-A6ED-D5898FECD4D5}.Internal|x64.Build.0 = Internal|x64
		{81C8F852-E1C1-487E-A6ED-D5898FECD4D5}.Internal|x86.ActiveCfg = Internal|Win32
		{81C8F852-E1C1-487E-A6ED-D5898FECD4D5}.Internal|x86.Build.0 = Internal|Win32
		{81C8F852-E1C1-487E-A6ED-D5898FECD4D5}.Max4Hybrid|x64.ActiveCfg = Debug|x64
		{81C8F852-E1C1-487E-A6ED-D5898FECD4D5}.Max4Hybrid|x64.Build.0 = Debug|x64
		{81C8F852-E1C1-487E-A6ED-D5898FECD4D5}.Max4Hybrid|x86.ActiveCfg = Debug|Win32
		{81C8F852-E1C1-487E-A6ED-D5898FECD4D5}.Max4Hybrid|x86.Build.0 = Debug|Win32
		{81C8F852-E1C1-487E-A6ED-D5898FECD4D5}.Max4Release|x64.ActiveCfg = Release|x64
		{81C8F852-E1C1-487E-A6ED-D5898FECD4D5}.Max4Release|x64.Build.0 = Release|x64
		{81C8F852-E1C1-487E-A6ED-D5898FECD4D5}.Max4Release|x86.ActiveCfg = Release|Win32
		{81C8F852-E1C1-487E-A6ED-D5898FECD4D5}.Max4Release|x86.Build.0 = Release|Win32
		{81C8F852-E1C1-487E-A6ED-D5898FECD4D5}.Profile|x64.ActiveCfg = Debug|x64
		{81C8F852-E1C1-487E-A6ED-D5898FECD4D5}.Profile|x64.Build.0 = Debug|x64
		{81C8F852-E1C1-487E-A6ED-D5898FECD4D5}.Profile|x86.ActiveCfg = Debug|Win32
		{81C8F852-E1C1-487E-A6ED-D5898FECD4D5}.Profile|x86.Build.0 = Debug|Win32
		{81C8F852-E1C1-487E-A6ED-D5898FECD4D5}.ProfileE|x64.ActiveCfg = Debug|x64
		{81C8F852-E1C1-487E-A6ED-D5898FECD4D5}.ProfileE|x64.Build.0 = Debug|x64
		{81C8F852-E1C1-487E-A6ED-D5898FECD4D5}.ProfileE|x86.ActiveCfg = Debug|Win32
		{81C8F852-E1C1-487E-A6ED-D5898FECD4D5}.ProfileE|x86.Build.0 = Debug|Win32
		{81C8F852-E1C1-487E-A6ED-D5898FECD4D5}.Release|x64.ActiveCfg = Release|x64
		{81C8F852-E1C1-487E-A6ED-D5898FECD4D5}.Release|x64.Build.0 = Release|x64
		{81C8F852-E1C1-487E-A6ED-D5898FECD4D5}.Release|x86.ActiveCfg = Release|Win32
		{81C8F852-E1C1-487E-A6ED-D5898FECD4D5}.Release|x86.Build.0 = Release|Win32
		{81C8F852-E1C1-487E-A6ED-D5898FECD4D5}.Template|x64.ActiveCfg = Template|x64
		{81C8F852-E1C1-487E-A6ED-D5898FECD4D5}.Template|x64.Build.0 = Template|x64
		{81C8F852-E1C1-487E-A6ED-D5898FECD4D5}.Template|x86.ActiveCfg = Template|Win32
		{81C8F852-E1C1-487E-A6ED-D5898FECD4D5}.Template|x86.Build.0 = Template|Win32
		{4347523D-5396-43A5-AC3B-F5D6A78DB654}.Debug|x64.ActiveCfg = Debug|x64
		{4347523D-5396-43A5-AC3B-F5D6A78DB654}.Debug|x64.Build.0 = Debug|x64
		{4347523D-5396-43A5-AC3B-F5D6A78DB654}.Debug|x86.ActiveCfg = Debug|Win32
		{4347523D-5396-43A5-AC3B-F5D6A78DB654}.Debug|x86.Build.0 = Debug|Win32
		{4347523D-5396-43A5-AC3B-F5D6A78DB654}.DebugE|x64.ActiveCfg = Debug|x64
		{4347523D-5396-43A5-AC3B-F5D6A78DB654}.DebugE|x64.Build.0 = Debug|x64
		{4347523D-5396-43A5-AC3B-F5D6A78DB654}.DebugE|x86.ActiveCfg = Debug|Win32
		{4347523D-5396-43A5-AC3B-F5D6A78DB654}.DebugE|x86.Build.0 = Debug|Win32
		{4347523D-5396-43A5-AC3B-F5D6A78DB654}.Hybrid|x64.ActiveCfg = Debug|x64
		{4347523D-5396-43A5-AC3B-F5D6A78DB654}.Hybrid|x64.Build.0 = Debug|x64
		{4347523D-5396-43A5-AC3B-F5D6A78DB654}.Hybrid|x86.ActiveCfg = Debug|Win32
		{4347523D-5396-43A5-AC3B-F5D6A78DB654}.Hybrid|x86.Build.0 = Debug|Win32
		{4347523D-5396-43A5-AC3B-F5D6A78DB654}.Internal|x64.ActiveCfg = Internal|x64
		{4347523D-5396-43A5-AC3B-F5D6A78DB654}.Internal|x64.Build.0 = Internal|x64
		{4347523D-5396-43A5-AC3B-F5D6A78DB654}.Internal|x86.ActiveCfg = Internal|Win32
		{4347523D-5396-43A5-AC3B-F5D6A78DB654}.Internal|x86.Build.0 = Internal|Win32
		{4347523D-5396-43A5-AC3B-F5D6A78DB654}.Max4Hybrid|x64.ActiveCfg = Debug|x64
		{4347523D-5396-43A5-AC3B-F5D6A78DB654}.Max4Hybrid|x64.Build.0 = Debug|x64
		{4347523D-5396-43A5-AC3B-F5D6A78DB654}.Max4Hybrid|x86.ActiveCfg = Debug|Win32
		{4347523D-5396-43A5-AC3B-F5D6A78DB654}.Max4Hybrid|x86.Build.0 = Debug|Win32
		{4347523D-5396-43A5-AC3B-F5D6A78DB654}.Max4Release|x64.ActiveCfg = Release|x64
		{4347523D-5396-43A5-AC3B-F5D6A78DB654}.Max4Release|x64.Build.0 = Release|x64
		{4347523D-5396-43A5-AC3B-F5D6A78DB654}.Max4Release|x86.ActiveCfg = Release|Win32
		{4347523D-5396-43A5-AC3B-F5D6A78DB654}.Max4Release|x86.Build.0 = Release|Win32
		{4347523D-5396-43A5-AC3B-F5D6A78DB654}.Profile|x64.ActiveCfg = Debug|x64
		{4347523D-5396-43A5-AC3B-F5D6A78DB654}.Profile|x64.Build.0 = Debug|x64
		{4347523D-5396-43A5-AC3B-F5D6A78DB654}.Profile|x86.ActiveCfg = Debug|Win32
		{4347523D-5396-43A5-AC3B-F5D6A78DB654}.Profile|x86.Build.0 = Debug|Win32
		{4347523D-5396-43A5-AC3B-F5D6A78DB654}.ProfileE|x64.ActiveCfg = Debug|x64
		{4347523D-5396-43A5-AC3B-F5D6A78DB654}.ProfileE|x64.Build.0 = Debug|x64
		{4347523D-5396-43A5-AC3B-F5D6A78DB654}.ProfileE|x86.ActiveCfg = Debug|Win32
		{4347523D-5396-43A5-AC3B-F5D6A78DB654}.ProfileE|x86.Build.0 = Debug|Win32
		{4347523D-5396-43A5-AC3B-F5D6A78DB654}.Release|x64.ActiveCfg = Release|x64
		{4347523D-5396-43A5-AC3B-F5D6A78DB654}.Release|x64.Build.0 = Release|x64
		{4347523D-5396-43A5-AC3B-F5D6A78DB654}.Release|x86.ActiveCfg = Release|Win32
		{4347523D-5396-43A5-AC3B-F5D6A78DB654}.Release|x86.Build.0 = Release|Win32
		{4347523D-5396-43A5-AC3B-F5D6A78DB654}.Template|x64.ActiveCfg = Template|x64
		{4347523D-5396-43A5-AC3B-F5D6A78DB654}.Template|x64.Build.0 = Template|x64
		{4347523D-5396-43A5-AC3B-F5D6A78DB654}.Template|x86.ActiveCfg = Template|Win32
		{4347523D-5396-43A5-AC3B-F5D6A78DB654}.Template|x86.Build.0 = Template|Win32
		{B3812FCD-2F41-4EB3-87A6-7D1CBE986339}.Debug|x64.ActiveCfg = Debug|x64
		{B3812FCD-2F41-4EB3-87A6-7D1CBE986339}.Debug|x64.Build.0 = Debug|x64
		{B3812FCD-2F41-4EB3-87A6-7D1CBE986339}.Debug|x86.ActiveCfg = Debug|Win32
		{B3812FCD-2F41-4EB3-87A6-7D1CBE986339}.Debug|x86.Build.0 = Debug|Win32
		{B3812FCD-2F41-4EB3-87A6-7D1CBE986339}.DebugE|x64.ActiveCfg = Debug|x64
		{B3812FCD-2F41-4EB3-87A6-7D1CBE986339}.DebugE|x64.Build.0 = Debug|x64
		{B3812FCD-2F41-4EB3-87A6-7D1CBE986339}.DebugE|x86.ActiveCfg = Debug|Win32
		{B3812FCD-2F41-4EB3-87A6-7D1CBE986339}.DebugE|x86.Build.0 = Debug|Win32
		{B3812FCD-2F41-4EB3-87A6-7D1CBE986339}.Hybrid|x64.ActiveCfg = Debug|x64
		{B3812FCD-2F41-4EB3-87A6-7D1CBE986339}.Hybrid|x64.Build.0 = Debug|x64
		{B3812FCD-2F41-4EB3-87A6-7D1CBE986339}.Hybrid|x86.ActiveCfg = Debug|Win32
		{B3812FCD-2F41-4EB3-87A6-7D1CBE986339}.Hybrid|x86.Build.0 = Debug|Win32
		{B3812FCD-2F41-4EB3-87A6-7D1CBE986339}.Internal|x64.ActiveCfg = Internal|x64
		{B3812FCD-2F41-4EB3-87A6-7D1CBE986339}.Internal|x64.Build.0 = Internal|x64
		{B3812FCD-2F41-4EB3-87A6-7D1CBE986339}.Internal|x86.ActiveCfg = Internal|Win32
		{B3812FCD-2F41-4EB3-87A6-7D1CBE986339}.Internal|x86.Build.0 = Internal|Win32
		{B3812FCD-2F41-4EB3-87A6-7D1CBE986339}.Max4Hybrid|x64.ActiveCfg = Debug|x64
		{B3812FCD-2F41-4EB3-87A6-7D1CBE986339}.Max4Hybrid|x64.Build.0 = Debug|x64
		{B3812FCD-2F41-4EB3-87A6-7D1CBE986339}.Max4Hybrid|x86.ActiveCfg = Debug|Win32
		{B3812FCD-2F41-4EB3-87A6-7D1CBE986339}.Max4Hybrid|x86.Build.0 = Debug|Win32
		{B3812FCD-2F41-4EB3-87A6-7D1CBE986339}.Max4Release|x64.ActiveCfg = Release|x64
		{B3812FCD-2F41-4EB3-87A6-7D1CBE986339}.Max4Release|x64.Build.0 = Release|x64
		{B3812FCD-2F41-4EB3-87A6-7D1CBE986339}.Max4Release|x86.ActiveCfg = Release|Win32
		{B3812FCD-2F41-4EB3-87A6-7D1CBE986339}.Max4Release|x86.Build.0 = Release|Win32
		{B3812FCD-2F41-4EB3-87A6-7D1CBE986339}.Profile|x64.ActiveCfg = Debug|x64
		{B3812FCD-2F41-4EB3-87A6-7D1CBE986339}.Profile|x64.Build.0 = Debug|x64
		{B3812FCD-2F41-4EB3-87A6-7D1CBE986339}.Profile|x86.ActiveCfg = Debug|Win32
		{B3812FCD-2F41-4EB3-87A6-7D1CBE986339}.Profile|x86.Build.0 = Debug|Win32
		{B3812FCD-2F41-4EB3-87A6-7D1CBE986339}.ProfileE|x64.ActiveCfg = Debug|x64
		{B3812FCD-2F41-4EB3-87A6-7D1CBE986339}.ProfileE|x64.Build.0 = Debug|x64
		{B3812FCD-2F41-4EB3-87A6-7D1CBE986339}.ProfileE|x86.ActiveCfg = Debug|Win32
		{B3812FCD-2F41-4EB3-87A6-7D1CBE986339}.ProfileE|x86.Build.0 = Debug|Win32
		{B3812FCD-2F41-4EB3-87A6-7D1CBE986339}.Release|x64.ActiveCfg = Release|x64
		{B3812FCD-2F41-4EB3-87A6-7D1CBE986339}.Release|x64.Build.0 = Release|x64
		{B3812FCD-2F41-4EB3-87A6-7D1CBE986339}.Release|x86.ActiveCfg = Release|Win32
		{B3812FCD-2F41-4EB3-87A6-7D1CBE986339}.Release|x86.Build.0 = Release|Win32
		{B3812FCD-2F41-4EB3-87A6-7D1CBE986339}.Template|x64.ActiveCfg = Template|x64
		{B3812FCD-2F41-4EB3-87A6-7D1CBE986339}.Template|x64.Build.0 = Template|x64
		{B3812FCD-2F41-4EB3-87A6-7D1CBE986339}.Template|x86.ActiveCfg = Template|Win32
		{B3812FCD-2F41-4EB3-87A6-7D1CBE986339}.Template|x86.Build.0 = Template|Win32
		{F25125B3-880D-4FDB-A4E1-382EE79BC71D}.Debug|x64.ActiveCfg = Debug|x64
		{F25125B3-880D-4FDB-A4E1-382EE79BC71D}.Debug|x64.Build.0 = Debug|x64
		{F25125B3-880D-4FDB-A4E1-382EE79BC71D}.Debug|x86.ActiveCfg = Debug|Win32
		{F25125B3-880D-4FDB-A4E1-382EE79BC71D}.Debug|x86.Build.0 = Debug|Win32
		{F25125B3-880D-4FDB-A4E1-382EE79BC71D}.DebugE|x64.ActiveCfg = Debug|x64
		{F25125B3-880D-4FDB-A4E1-382EE79BC71D}.DebugE|x64.Build.0 = Debug|x64
		{F25125B3-880D-4FDB-A4E1-382EE79BC71D}.DebugE|x86.ActiveCfg = Debug|Win32
		{F25125B3-880D-4FDB-A4E1-382EE79BC71D}.DebugE|x86.Build.0 = Debug|Win32
		{F25125B3-880D-4FDB-A4E1-382EE79BC71D}.Hybrid|x64.ActiveCfg = Debug|x64
		{F25125B3-880D-4FDB-A4E1-382EE79BC71D}.Hybrid|x64.Build.0 = Debug|x64
		{F25125B3-880D-4FDB-A4E1-382EE79BC71D}.Hybrid|x86.ActiveCfg = Debug|Win32
		{F25125B3-880D-4FDB-A4E1-382EE79BC71D}.Hybrid|x86.Build.0 = Debug|Win32
		{F25125B3-880D-4FDB-A4E1-382EE79BC71D}.Internal|x64.ActiveCfg = Internal|x64
		{F25125B3-880D-4FDB-A4E1-382EE79BC71D}.Internal|x64.Build.0 = Internal|x64
		{F25125B3-880D-4FDB-A4E1-382EE79BC71D}.Internal|x86.ActiveCfg = Internal|Win32
		{F25125B3-880D-4FDB-A4E1-382EE79BC71D}.Internal|x86.Build.0 = Internal|Win32
		{F25125B3-880D-4FDB-A4E1-382EE79BC71D}.Max4Hybrid|x64.ActiveCfg = Debug|x64
		{F25125B3-880D-4FDB-A4E1-382EE79BC71D}.Max4Hybrid|x64.Build.0 = Debug|x64
		{F25125B3-880D-4FDB-A4E1-382EE79BC71D}.Max4Hybrid|x86.ActiveCfg = Debug|Win32
		{F25125B3-880D-4FDB-A4E1-382EE79BC71D}.Max4Hybrid|x86.Build.0 = Debug|Win32
		{F25125B3-880D-4FDB-A4E1-382EE79BC71D}.Max4Release|x64.ActiveCfg = Release|x64
		{F25125B3-880D-4FDB-A4E1-382EE79BC71D}.Max4Release|x64.Build.0 = Release|x64
		{F25125B3-880D-4FDB-A4E1-382EE79BC71D}.Max4Release|x86.ActiveCfg = Release|Win32
		{F25125B3-880D-4FDB-A4E1-382EE79BC71D}.Max4Release|x86.Build.0 = Release|Win32
		{F25125B3-880D-4FDB-A4E1-382EE79BC71D}.Profile|x64.ActiveCfg = Debug|x64
		{F25125B3-880D-4FDB-A4E1-382EE79BC71D}.Profile|x64.Build.0 = Debug|x64
		{F25125B3-880D-4FDB-A4E1-382EE79BC71D}.Profile|x86.ActiveCfg = Debug|Win32
		{F25125B3-880D-4FDB-A4E1-382EE79BC71D}.Profile|x86.Build.0 = Debug|Win32
		{F25125B3-880D-4FDB-A4E1-382EE79BC71D}.ProfileE|x64.ActiveCfg = Debug|x64
		{F25125B3-880D-4FDB-A4E1-382EE79BC71D}.ProfileE|x64.Build.0 = Debug|x64
		{F25125B3-880D-4FDB-A4E1-382EE79BC71D}.ProfileE|x86.ActiveCfg = Debug|Win32
		{F25125B3-880D-4FDB-A4E1-382EE79BC71D}.ProfileE|x86.Build.0 = Debug|Win32
		{F25125B3-880D-4FDB-A4E1-382EE79BC71D}.Release|x64.ActiveCfg = Release|x64
		{F25125B3-880D-4FDB-A4E1-382EE79BC71D}.Release|x64.Build.0 = Release|x64
		{F25125B3-880D-4FDB-A4E1-382EE79BC71D}.Release|x86.ActiveCfg = Release|Win32
		{F25125B3-880D-4FDB-A4E1-382EE79BC71D}.Release|x86.Build.0 = Release|Win32
		{F25125B3-880D-4FDB-A4E1-382EE79BC71D}.Template|x64.ActiveCfg = Template|x64
		{F25125B3-880D-4FDB-A4E1-382EE79BC71D}.Template|x64.Build.0 = Template|x64
		{F25125B3-880D-4FDB-A4E1-382EE79BC71D}.Template|x86.ActiveCfg = Template|Win32
		{F25125B3-880D-4FDB-A4E1-382EE79BC71D}.Template|x86.Build.0 = Template|Win32
		{A550002A-9F7A-4FA9-8106-AFDC8317CD7D}.Debug|x64.ActiveCfg = Debug|x64
		{A550002A-9F7A-4FA9-8106-AFDC8317CD7D}.Debug|x64.Build.0 = Debug|x64
		{A550002A-9F7A-4FA9-8106-AFDC8317CD7D}.Debug|x86.ActiveCfg = Debug|Win32
		{A550002A-9F7A-4FA9-8106-AFDC8317CD7D}.Debug|x86.Build.0 = Debug|Win32
		{A550002A-9F7A-4FA9-8106-AFDC8317CD7D}.DebugE|x64.ActiveCfg = Debug|x64
		{A550002A-9F7A-4FA9-8106-AFDC8317CD7D}.DebugE|x64.Build.0 = Debug|x64
		{A550002A-9F7A-4FA9-8106-AFDC8317CD7D}.DebugE|x86.ActiveCfg = Debug|Win32
		{A550002A-9F7A-4FA9-8106-AFDC8317CD7D}.DebugE|x86.Build.0 = Debug|Win32
		{A550002A-9F7A-4FA9-8106-AFDC8317CD7D}.Hybrid|x64.ActiveCfg = Debug|x64
		{A550002A-9F7A-4FA9-8106-AFDC8317CD7D}.Hybrid|x64.Build.0 = Debug|x64
		{A550002A-9F7A-4FA9-8106-AFDC8317CD7D}.Hybrid|x86.ActiveCfg = Debug|Win32
		{A550002A-9F7A-4FA9-8106-AFDC8317CD7D}.Hybrid|x86.Build.0 = Debug|Win32
		{A550002A-9F7A-4FA9-8106-AFDC8317CD7D}.Internal|x64.ActiveCfg = Internal|x64
		{A550002A-9F7A-4FA9-8106-AFDC8317CD7D}.Internal|x64.Build.0 = Internal|x64
		{A550002A-9F7A-4FA9-8106-AFDC8317CD7D}.Internal|x86.ActiveCfg = Internal|Win32
		{A550002A-9F7A-4FA9-8106-AFDC8317CD7D}.Internal|x86.Build.0 = Internal|Win32
		{A550002A-9F7A-4FA9-8106-AFDC8317CD7D}.Max4Hybrid|x64.ActiveCfg = Debug|x64
		{A550002A-9F7A-4FA9-8106-AFDC8317CD7D}.Max4Hybrid|x64.Build.0 = Debug|x64
		{A550002A-9F7A-4FA9-8106-AFDC8317CD7D}.Max4Hybrid|x86.ActiveCfg = Debug|Win32
		{A550002A-9F7A-4FA9-8106-AFDC8317CD7D}.Max4Hybrid|x86.Build.0 = Debug|Win32
		{A550002A-9F7A-4FA9-8106-AFDC8317CD7D}.Max4Release|x64.ActiveCfg = Release|x64
		{A550002A-9F7A-4FA9-8106-AFDC8317CD7D}.Max4Release|x64.Build.0 = Release|x64
		{A550002A-9F7A-4FA9-8106-AFDC8317CD7D}.Max4Release|x86.ActiveCfg = Release|Win32
		{A550002A-9F7A-4FA9-8106-AFDC8317CD7D}.Max4Release|x86.Build.0 = Release|Win32
		{A550002A-9F7A-4FA9-8106-AFDC8317CD7D}.Profile|x64.ActiveCfg = Debug|x64
		{A550002A-9F7A-4FA9-8106-AFDC8317CD7D}.Profile|x64.Build.0 = Debug|x64
		{A550002A-9F7A-4FA9-8106-AFDC8317CD7D}.Profile|x86.ActiveCfg = Debug|Win32
		{A550002A-9F7A-4FA9-8106-AFDC8317CD7D}.Profile|x86.Build.0 = Debug|Win32
		{A550002A-9F7A-4FA9-8106-AFDC8317CD7D}.ProfileE|x64.ActiveCfg = Debug|x64
		{A550002A-9F7A-4FA9-8106-AFDC8317CD7D}.ProfileE|x64.Build.0 = Debug|x64
		{A550002A-9F7A-4FA9-8106-AFDC8317CD7D}.ProfileE|x86.ActiveCfg = Debug|Win32
		{A550002A-9F7A-4FA9-8106-AFDC8317CD7D}.ProfileE|x86.Build.0 = Debug|Win32
		{A550002A-9F7A-4FA9-8106-AFDC8317CD7D}.Release|x64.ActiveCfg = Release|x64
		{A550002A-9F7A-4FA9-8106-AFDC8317CD7D}.Release|x64.Build.0 = Release|x64
		{A550002A-9F7A-4FA9-8106-AFDC8317CD7D}.Release|x86.ActiveCfg = Release|Win32
		{A550002A-9F7A-4FA9-8106-AFDC8317CD7D}.Release|x86.Build.0 = Release|Win32
		{A550002A-9F7A-4FA9-8106-AFDC8317CD7D}.Template|x64.ActiveCfg = Template|x64
		{A550002A-9F7A-4FA9-8106-AFDC8317CD7D}.Template|x64.Build.0 = Template|x64
		{A550002A-9F7A-4FA9-8106-AFDC8317CD7D}.Template|x86.ActiveCfg = Template|Win32
		{A550002A-9F7A-4FA9-8106-AFDC8317CD7D}.Template|x86.Build.0 = Template|Win32
		{32B190CD-9786-4A2F-BA7C-0B56D7BA952C}.Debug|x64.ActiveCfg = Debug|x64
		{32B190CD-9786-4A2F-BA7C-0B56D7BA952C}.Debug|x64.Build.0 = Debug|x64
		{32B190CD-9786-4A2F-BA7C-0B56D7BA952C}.Debug|x86.ActiveCfg = Debug|Win32
		{32B190CD-9786-4A2F-BA7C-0B56D7BA952C}.Debug|x86.Build.0 = Debug|Win32
		{32B190CD-9786-4A2F-BA7C-0B56D7BA952C}.DebugE|x64.ActiveCfg = Debug|x64
		{32B190CD-9786-4A2F-BA7C-0B56D7BA952C}.DebugE|x64.Build.0 = Debug|x64
		{32B190CD-9786-4A2F-BA7C-0B56D7BA952C}.DebugE|x86.ActiveCfg = Debug|Win32
		{32B190CD-9786-4A2F-BA7C-0B56D7BA952C}.DebugE|x86.Build.0 = Debug|Win32
		{32B190CD-9786-4A2F-BA7C-0B56D7BA952C}.Hybrid|x64.ActiveCfg = Debug|x64
		{32B190CD-9786-4A2F-BA7C-0B56D7BA952C}.Hybrid|x64.Build.0 = Debug|x64
		{32B190CD-9786-4A2F-BA7C-0B56D7BA952C}.Hybrid|x86.ActiveCfg = Debug|Win32
		{32B190CD-9786-4A2F-BA7C-0B56D7BA952C}.Hybrid|x86.Build.0 = Debug|Win32
		{32B190CD-9786-4A2F-BA7C-0B56D7BA952C}.Internal|x64.ActiveCfg = Internal|x64
		{32B190CD-9786-4A2F-BA7C-0B56D7BA952C}.Internal|x64.Build.0 = Internal|x64
		{32B190CD-9786-4A2F-BA7C-0B56D7BA952C}.Internal|x86.ActiveCfg = Internal|Win32
		{32B190CD-9786-4A2F-BA7C-0B56D7BA952C}.Internal|x86.Build.0 = Internal|Win32
		{32B190CD-9786-4A2F-BA7C-0B56D7BA952C}.Max4Hybrid|x64.ActiveCfg = Debug|x64
		{32B190CD-9786-4A2F-BA7C-0B56D7BA952C}.Max4Hybrid|x64.Build.0 = Debug|x64
		{32B190CD-9786-4A2F-BA7C-0B56D7BA952C}.Max4Hybrid|x86.ActiveCfg = Debug|Win32
		{32B190CD-9786-4A2F-BA7C-0B56D7BA952C}.Max4Hybrid|x86.Build.0 = Debug|Win32
		{32B190CD-9786-4A2F-BA7C-0B56D7BA952C}.Max4Release|x64.ActiveCfg = Release|x64
		{32B190CD-9786-4A2F-BA7C-0B56D7BA952C}.Max4Release|x64.Build.0 = Release|x64
		{32B190CD-9786-4A2F-BA7C-0B56D7BA952C}.Max4Release|x86.ActiveCfg = Release|Win32
		{32B190CD-9786-4A2F-BA7C-0B56D7BA952C}.Max4Release|x86.Build.0 = Release|Win32
		{32B190CD-9786-4A2F-BA7C-0B56D7BA952C}.Profile|x64.ActiveCfg = Debug|x64
		{32B190CD-9786-4A2F-BA7C-0B56D7BA952C}.Profile|x64.Build.0 = Debug|x64
		{32B190CD-9786-4A2F-BA7C-0B56D7BA952C}.Profile|x86.ActiveCfg = Debug|Win32
		{32B190CD-9786-4A2F-BA7C-0B56D7BA952C}.Profile|x86.Build.0 = Debug|Win32
		{32B190CD-9786-4A2F-BA7C-0B56D7BA952C}.ProfileE|x64.ActiveCfg = Debug|x64
		{32B190CD-9786-4A2F-BA7C-0B56D7BA952C}.ProfileE|x64.Build.0 = Debug|x64
		{32B190CD-9786-4A2F-BA7C-0B56D7BA952C}.ProfileE|x86.ActiveCfg = Debug|Win32
		{32B190CD-9786-4A2F-BA7C-0B56D7BA952C}.ProfileE|x86.Build.0 = Debug|Win32
		{32B190CD-9786-4A2F-BA7C-0B56D7BA952C}.Release|x64.ActiveCfg = Release|x64
		{32B190CD-9786-4A2F-BA7C-0B56D7BA952C}.Release|x64.Build.0 = Release|x64
		{32B190CD-9786-4A2F-BA7C-0B56D7BA952C}.Release|x86.ActiveCfg = Release|Win32
		{32B190CD-9786-4A2F-BA7C-0B56D7BA952C}.Release|x86.Build.0 = Release|Win32
		{32B190CD-9786-4A2F-BA7C-0B56D7BA952C}.Template|x64.ActiveCfg = Template|x64
		{32B190CD-9786-4A2F-BA7C-0B56D7BA952C}.Template|x64.Build.0 = Template|x64
		{32B190CD-9786-4A2F-BA7C-0B56D7BA952C}.Template|x86.ActiveCfg = Template|Win32
		{32B190CD-9786-4A2F-BA7C-0B56D7BA952C}.Template|x86.Build.0 = Template|Win32
		{2DD55523-0CE7-46BF-A96C-533D2F3EFDA5}.Debug|x64.ActiveCfg = Debug|x64
		{2DD55523-0CE7-46BF-A96C-533D2F3EFDA5}.Debug|x64.Build.0 = Debug|x64
		{2DD55523-0CE7-46BF-A96C-533D2F3EFDA5}.Debug|x86.ActiveCfg = Debug|Win32
		{2DD55523-0CE7-46BF-A96C-533D2F3EFDA5}.Debug|x86.Build.0 = Debug|Win32
		{2DD55523-0CE7-46BF-A96C-533D2F3EFDA5}.DebugE|x64.ActiveCfg = Debug|x64
		{2DD55523-0CE7-46BF-A96C-533D2F3EFDA5}.DebugE|x64.Build.0 = Debug|x64
		{2DD55523-0CE7-46BF-A96C-533D2F3EFDA5}.DebugE|x86.ActiveCfg = Debug|Win32
		{2DD55523-0CE7-46BF-A96C-533D2F3EFDA5}.DebugE|x86.Build.0 = Debug|Win32
		{2DD55523-0CE7-46BF-A96C-533D2F3EFDA5}.Hybrid|x64.ActiveCfg = Debug|x64
		{2DD55523-0CE7-46BF-A96C-533D2F3EFDA5}.Hybrid|x64.Build.0 = Debug|x64
		{2DD55523-0CE7-46BF-A96C-533D2F3EFDA5}.Hybrid|x86.ActiveCfg = Debug|Win32
		{2DD55523-0CE7-46BF-A96C-533D2F3EFDA5}.Hybrid|x86.Build.0 = Debug|Win32
		{2DD55523-0CE7-46BF-A96C-533D2F3EFDA5}.Internal|x64.ActiveCfg = Debug|x64
		{2DD55523-0CE7-46BF-A96C-533D2F3EFDA5}.Internal|x64.Build.0 = Debug|x64
		{2DD55523-0CE7-46BF-A96C-533D2F3EFDA5}.Internal|x86.ActiveCfg = Debug|Win32
		{2DD55523-0CE7-46BF-A96C-533D2F3EFDA5}.Internal|x86.Build.0 = Debug|Win32
		{2DD55523-0CE7-46BF-A96C-533D2F3EFDA5}.Max4Hybrid|x64.ActiveCfg = Debug|x64
		{2DD55523-0CE7-46BF-A96C-533D2F3EFDA5}.Max4Hybrid|x64.Build.0 = Debug|x64
		{2DD55523-0CE7-46BF-A96C-533D2F3EFDA5}.Max4Hybrid|x86.ActiveCfg = Debug|Win32
		{2DD55523-0CE7-46BF-A96C-533D2F3EFDA5}.Max4Hybrid|x86.Build.0 = Debug|Win32
		{2DD55523-0CE7-46BF-A96C-533D2F3EFDA5}.Max4Release|x64.ActiveCfg = Release|x64
		{2DD55523-0CE7-46BF-A96C-533D2F3EFDA5}.Max4Release|x64.Build.0 = Release|x64
		{2DD55523-0CE7-46BF-A96C-533D2F3EFDA5}.Max4Release|x86.ActiveCfg = Release|Win32
		{2DD55523-0CE7-46BF-A96C-533D2F3EFDA5}.Max4Release|x86.Build.0 = Release|Win32
		{2DD55523-0CE7-46BF-A96C-533D2F3EFDA5}.Profile|x64.ActiveCfg = Debug|x64
		{2DD55523-0CE7-46BF-A96C-533D2F3EFDA5}.Profile|x64.Build.0 = Debug|x64
		{2DD55523-0CE7-46BF-A96C-533D2F3EFDA5}.Profile|x86.ActiveCfg = Debug|Win32
		{2DD55523-0CE7-46BF-A96C-533D2F3EFDA5}.Profile|x86.Build.0 = Debug|Win32
		{2DD55523-0CE7-46BF-A96C-533D2F3EFDA5}.ProfileE|x64.ActiveCfg = Debug|x64
		{2DD55523-0CE7-46BF-A96C-533D2F3EFDA5}.ProfileE|x64.Build.0 = Debug|x64
		{2DD55523-0CE7-46BF-A96C-533D2F3EFDA5}.ProfileE|x86.ActiveCfg = Debug|Win32
		{2DD55523-0CE7-46BF-A96C-533D2F3EFDA5}.ProfileE|x86.Build.0 = Debug|Win32
		{2DD55523-0CE7-46BF-A96C-533D2F3EFDA5}.Release|x64.ActiveCfg = Release|x64
		{2DD55523-0CE7-46BF-A96C-533D2F3EFDA5}.Release|x64.Build.0 = Release|x64
		{2DD55523-0CE7-46BF-A96C-533D2F3EFDA5}.Release|x86.ActiveCfg = Release|Win32
		{2DD55523-0CE7-46BF-A96C-533D2F3EFDA5}.Release|x86.Build.0 = Release|Win32
		{2DD55523-0CE7-46BF-A96C-533D2F3EFDA5}.Template|x64.ActiveCfg = Template|x64
		{2DD55523-0CE7-46BF-A96C-533D2F3EFDA5}.Template|x64.Build.0 = Template|x64
		{2DD55523-0CE7-46BF-A96C-533D2F3EFDA5}.Template|x86.ActiveCfg = Template|Win32
		{2DD55523-0CE7-46BF-A96C-533D2F3EFDA5}.Template|x86.Build.0 = Template|Win32
		{FA69FE81-526B-478D-928D-03F3694EED39}.Debug|x64.ActiveCfg = Debug|x64
		{FA69FE81-526B-478D-928D-03F3694EED39}.Debug|x64.Build.0 = Debug|x64
		{FA69FE81-526B-478D-928D-03F3694EED39}.Debug|x86.ActiveCfg = Debug|Win32
		{FA69FE81-526B-478D-928D-03F3694EED39}.Debug|x86.Build.0 = Debug|Win32
		{FA69FE81-526B-478D-928D-03F3694EED39}.DebugE|x64.ActiveCfg = Debug|x64
		{FA69FE81-526B-478D-928D-03F3694EED39}.DebugE|x64.Build.0 = Debug|x64
		{FA69FE81-526B-478D-928D-03F3694EED39}.DebugE|x86.ActiveCfg = Debug|Win32
		{FA69FE81-526B-478D-928D-03F3694EED39}.DebugE|x86.Build.0 = Debug|Win32
		{FA69FE81-526B-478D-928D-03F3694EED39}.Hybrid|x64.ActiveCfg = Debug|x64
		{FA69FE81-526B-478D-928D-03F3694EED39}.Hybrid|x64.Build.0 = Debug|x64
		{FA69FE81-526B-478D-928D-03F3694EED39}.Hybrid|x86.ActiveCfg = Debug|Win32
		{FA69FE81-526B-478D-928D-03F3694EED39}.Hybrid|x86.Build.0 = Debug|Win32
		{FA69FE81-526B-478D-928D-03F3694EED39}.Internal|x64.ActiveCfg = Internal|x64
		{FA69FE81-526B-478D-928D-03F3694EED39}.Internal|x64.Build.0 = Internal|x64
		{FA69FE81-526B-478D-928D-03F3694EED39}.Internal|x86.ActiveCfg = Internal|Win32
		{FA69FE81-526B-478D-928D-03F3694EED39}.Internal|x86.Build.0 = Internal|Win32
		{FA69FE81-526B-478D-928D-03F3694EED39}.Max4Hybrid|x64.ActiveCfg = Debug|x64
		{FA69FE81-526B-478D-928D-03F3694EED39}.Max4Hybrid|x64.Build.0 = Debug|x64
		{FA69FE81-526B-478D-928D-03F3694EED39}.Max4Hybrid|x86.ActiveCfg = Debug|Win32
		{FA69FE81-526B-478D-928D-03F3694EED39}.Max4Hybrid|x86.Build.0 = Debug|Win32
		{FA69FE81-526B-478D-928D-03F3694EED39}.Max4Release|x64.ActiveCfg = Release|x64
		{FA69FE81-526B-478D-928D-03F3694EED39}.Max4Release|x64.Build.0 = Release|x64
		{FA69FE81-526B-478D-928D-03F3694EED39}.Max4Release|x86.ActiveCfg = Release|Win32
		{FA69FE81-526B-478D-928D-03F3694EED39}.Max4Release|x86.Build.0 = Release|Win32
		{FA69FE81-526B-478D-928D-03F3694EED39}.Profile|x64.ActiveCfg = Debug|x64
		{FA69FE81-526B-478D-928D-03F3694EED39}.Profile|x64.Build.0 = Debug|x64
		{FA69FE81-526B-478D-928D-03F3694EED39}.Profile|x86.ActiveCfg = Debug|Win32
		{FA69FE81-526B-478D-928D-03F3694EED39}.Profile|x86.Build.0 = Debug|Win32
		{FA69FE81-526B-478D-928D-03F3694EED39}.ProfileE|x64.ActiveCfg = Debug|x64
		{FA69FE81-526B-478D-928D-03F3694EED39}.ProfileE|x64.Build.0 = Debug|x64
		{FA69FE81-526B-478D-928D-03F3694EED39}.ProfileE|x86.ActiveCfg = Debug|Win32
		{FA69FE81-526B-478D-928D-03F3694EED39}.ProfileE|x86.Build.0 = Debug|Win32
		{FA69FE81-526B-478D-928D-03F3694EED39}.Release|x64.ActiveCfg = Release|x64
		{FA69FE81-526B-478D-928D-03F3694EED39}.Release|x64.Build.0 = Release|x64
		{FA69FE81-526B-478D-928D-03F3694EED39}.Release|x86.ActiveCfg = Release|Win32
		{FA69FE81-526B-478D-928D-03F3694EED39}.Release|x86.Build.0 = Release|Win32
		{FA69FE81-526B-478D-928D-03F3694EED39}.Template|x64.ActiveCfg = Template|x64
		{FA69FE81-526B-478D-928D-03F3694EED39}.Template|x64.Build.0 = Template|x64
		{FA69FE81-526B-478D-928D-03F3694EED39}.Template|x86.ActiveCfg = Template|Win32
		{FA69FE81-526B-478D-928D-03F3694EED39}.Template|x86.Build.0 = Template|Win32
		{2684DCA1-DEC3-4F52-817A-3EC62B7F745F}.Debug|x64.ActiveCfg = Debug|x64
		{2684DCA1-DEC3-4F52-817A-3EC62B7F745F}.Debug|x64.Build.0 = Debug|x64
		{2684DCA1-DEC3-4F52-817A-3EC62B7F745F}.Debug|x86.ActiveCfg = Debug|Win32
		{2684DCA1-DEC3-4F52-817A-3EC62B7F745F}.Debug|x86.Build.0 = Debug|Win32
		{2684DCA1-DEC3-4F52-817A-3EC62B7F745F}.DebugE|x64.ActiveCfg = Debug|x64
		{2684DCA1-DEC3-4F52-817A-3EC62B7F745F}.DebugE|x64.Build.0 = Debug|x64
		{2684DCA1-DEC3-4F52-817A-3EC62B7F745F}.DebugE|x86.ActiveCfg = Debug|Win32
		{2684DCA1-DEC3-4F52-817A-3EC62B7F745F}.DebugE|x86.Build.0 = Debug|Win32
		{2684DCA1-DEC3-4F52-817A-3EC62B7F745F}.Hybrid|x64.ActiveCfg = Debug|x64
		{2684DCA1-DEC3-4F52-817A-3EC62B7F745F}.Hybrid|x64.Build.0 = Debug|x64
		{2684DCA1-DEC3-4F52-817A-3EC62B7F745F}.Hybrid|x86.ActiveCfg = Debug|Win32
		{2684DCA1-DEC3-4F52-817A-3EC62B7F745F}.Hybrid|x86.Build.0 = Debug|Win32
		{2684DCA1-DEC3-4F52-817A-3EC62B7F745F}.Internal|x64.ActiveCfg = Internal|x64
		{2684DCA1-DEC3-4F52-817A-3EC62B7F745F}.Internal|x64.Build.0 = Internal|x64
		{2684DCA1-DEC3-4F52-817A-3EC62B7F745F}.Internal|x86.ActiveCfg = Internal|Win32
		{2684DCA1-DEC3-4F52-817A-3EC62B7F745F}.Internal|x86.Build.0 = Internal|Win32
		{2684DCA1-DEC3-4F52-817A-3EC62B7F745F}.Max4Hybrid|x64.ActiveCfg = Debug|x64
		{2684DCA1-DEC3-4F52-817A-3EC62B7F745F}.Max4Hybrid|x64.Build.0 = Debug|x64
		{2684DCA1-DEC3-4F52-817A-3EC62B7F745F}.Max4Hybrid|x86.ActiveCfg = Debug|Win32
		{2684DCA1-DEC3-4F52-817A-3EC62B7F745F}.Max4Hybrid|x86.Build.0 = Debug|Win32
		{2684DCA1-DEC3-4F52-817A-3EC62B7F745F}.Max4Release|x64.ActiveCfg = Release|x64
		{2684DCA1-DEC3-4F52-817A-3EC62B7F745F}.Max4Release|x64.Build.0 = Release|x64
		{2684DCA1-DEC3-4F52-817A-3EC62B7F745F}.Max4Release|x86.ActiveCfg = Release|Win32
		{2684DCA1-DEC3-4F52-817A-3EC62B7F745F}.Max4Release|x86.Build.0 = Release|Win32
		{2684DCA1-DEC3-4F52-817A-3EC62B7F745F}.Profile|x64.ActiveCfg = Debug|x64
		{2684DCA1-DEC3-4F52-817A-3EC62B7F745F}.Profile|x64.Build.0 = Debug|x64
		{2684DCA1-DEC3-4F52-817A-3EC62B7F745F}.Profile|x86.ActiveCfg = Debug|Win32
		{2684DCA1-DEC3-4F52-817A-3EC62B7F745F}.Profile|x86.Build.0 = Debug|Win32
		{2684DCA1-DEC3-4F52-817A-3EC62B7F745F}.ProfileE|x64.ActiveCfg = Debug|x64
		{2684DCA1-DEC3-4F52-817A-3EC62B7F745F}.ProfileE|x64.Build.0 = Debug|x64
		{2684DCA1-DEC3-4F52-817A-3EC62B7F745F}.ProfileE|x86.ActiveCfg = Debug|Win32
		{2684DCA1-DEC3-4F52-817A-3EC62B7F745F}.ProfileE|x86.Build.0 = Debug|Win32
		{2684DCA1-DEC3-4F52-817A-3EC62B7F745F}.Release|x64.ActiveCfg = Release|x64
		{2684DCA1-DEC3-4F52-817A-3EC62B7F745F}.Release|x64.Build.0 = Release|x64
		{2684DCA1-DEC3-4F52-817A-3EC62B7F745F}.Release|x86.ActiveCfg = Release|Win32
		{2684DCA1-DEC3-4F52-817A-3EC62B7F745F}.Release|x86.Build.0 = Release|Win32
		{2684DCA1-DEC3-4F52-817A-3EC62B7F745F}.Template|x64.ActiveCfg = Template|x64
		{2684DCA1-DEC3-4F52-817A-3EC62B7F745F}.Template|x64.Build.0 = Template|x64
		{2684DCA1-DEC3-4F52-817A-3EC62B7F745F}.Template|x86.ActiveCfg = Template|Win32
		{2684DCA1-DEC3-4F52-817A-3EC62B7F745F}.Template|x86.Build.0 = Template|Win32
		{60206295-6EC3-45B0-80E4-C7CFE52409D1}.Debug|x64.ActiveCfg = Debug|x64
		{60206295-6EC3-45B0-80E4-C7CFE52409D1}.Debug|x64.Build.0 = Debug|x64
		{60206295-6EC3-45B0-80E4-C7CFE52409D1}.Debug|x86.ActiveCfg = Debug|Win32
		{60206295-6EC3-45B0-80E4-C7CFE52409D1}.Debug|x86.Build.0 = Debug|Win32
		{60206295-6EC3-45B0-80E4-C7CFE52409D1}.DebugE|x64.ActiveCfg = Debug|x64
		{60206295-6EC3-45B0-80E4-C7CFE52409D1}.DebugE|x64.Build.0 = Debug|x64
		{60206295-6EC3-45B0-80E4-C7CFE52409D1}.DebugE|x86.ActiveCfg = Debug|Win32
		{60206295-6EC3-45B0-80E4-C7CFE52409D1}.DebugE|x86.Build.0 = Debug|Win32
		{60206295-6EC3-45B0-80E4-C7CFE52409D1}.Hybrid|x64.ActiveCfg = Debug|x64
		{60206295-6EC3-45B0-80E4-C7CFE52409D1}.Hybrid|x64.Build.0 = Debug|x64
		{60206295-6EC3-45B0-80E4-C7CFE52409D1}.Hybrid|x86.ActiveCfg = Debug|Win32
		{60206295-6EC3-45B0-80E4-C7CFE52409D1}.Hybrid|x86.Build.0 = Debug|Win32
		{60206295-6EC3-45B0-80E4-C7CFE52409D1}.Internal|x64.ActiveCfg = Internal|x64
		{60206295-6EC3-45B0-80E4-C7CFE52409D1}.Internal|x64.Build.0 = Internal|x64
		{60206295-6EC3-45B0-80E4-C7CFE52409D1}.Internal|x86.ActiveCfg = Internal|Win32
		{60206295-6EC3-45B0-80E4-C7CFE52409D1}.Internal|x86.Build.0 = Internal|Win32
		{60206295-6EC3-45B0-80E4-C7CFE52409D1}.Max4Hybrid|x64.ActiveCfg = Debug|x64
		{60206295-6EC3-45B0-80E4-C7CFE52409D1}.Max4Hybrid|x64.Build.0 = Debug|x64
		{60206295-6EC3-45B0-80E4-C7CFE52409D1}.Max4Hybrid|x86.ActiveCfg = Debug|Win32
		{60206295-6EC3-45B0-80E4-C7CFE52409D1}.Max4Hybrid|x86.Build.0 = Debug|Win32
		{60206295-6EC3-45B0-80E4-C7CFE52409D1}.Max4Release|x64.ActiveCfg = Release|x64
		{60206295-6EC3-45B0-80E4-C7CFE52409D1}.Max4Release|x64.Build.0 = Release|x64
		{60206295-6EC3-45B0-80E4-C7CFE52409D1}.Max4Release|x86.ActiveCfg = Release|Win32
		{60206295-6EC3-45B0-80E4-C7CFE52409D1}.Max4Release|x86.Build.0 = Release|Win32
		{60206295-6EC3-45B0-80E4-C7CFE52409D1}.Profile|x64.ActiveCfg = Debug|x64
		{60206295-6EC3-45B0-80E4-C7CFE52409D1}.Profile|x64.Build.0 = Debug|x64
		{60206295-6EC3-45B0-80E4-C7CFE52409D1}.Profile|x86.ActiveCfg = Debug|Win32
		{60206295-6EC3-45B0-80E4-C7CFE52409D1}.Profile|x86.Build.0 = Debug|Win32
		{60206295-6EC3-45B0-80E4-C7CFE52409D1}.ProfileE|x64.ActiveCfg = Debug|x64
		{60206295-6EC3-45B0-80E4-C7CFE52409D1}.ProfileE|x64.Build.0 = Debug|x64
		{60206295-6EC3-45B0-80E4-C7CFE52409D1}.ProfileE|x86.ActiveCfg = Debug|Win32
		{60206295-6EC3-45B0-80E4-C7CFE52409D1}.ProfileE|x86.Build.0 = Debug|Win32
		{60206295-6EC3-45B0-80E4-C7CFE52409D1}.Release|x64.ActiveCfg = Release|x64
		{60206295-6EC3-45B0-80E4-C7CFE52409D1}.Release|x64.Build.0 = Release|x64
		{60206295-6EC3-45B0-80E4-C7CFE52409D1}.Release|x86.ActiveCfg = Release|Win32
		{60206295-6EC3-45B0-80E4-C7CFE52409D1}.Release|x86.Build.0 = Release|Win32
		{60206295-6EC3-45B0-80E4-C7CFE52409D1}.Template|x64.ActiveCfg = Template|x64
		{60206295-6EC3-45B0-80E4-C7CFE52409D1}.Template|x64.Build.0 = Template|x64
		{60206295-6EC3-45B0-80E4-C7CFE52409D1}.Template|x86.ActiveCfg = Template|Win32
		{60206295-6EC3-45B0-80E4-C7CFE52409D1}.Template|x86.Build.0 = Template|Win32
		{6FD84E4C-1B31-4194-8B67-BB3FB0547F6B}.Debug|x64.ActiveCfg = Debug|x64
		{6FD84E4C-1B31-4194-8B67-BB3FB0547F6B}.Debug|x64.Build.0 = Debug|x64
		{6FD84E4C-1B31-4194-8B67-BB3FB0547F6B}.Debug|x86.ActiveCfg = Debug|Win32
		{6FD84E4C-1B31-4194-8B67-BB3FB0547F6B}.Debug|x86.Build.0 = Debug|Win32
		{6FD84E4C-1B31-4194-8B67-BB3FB0547F6B}.DebugE|x64.ActiveCfg = Debug|x64
		{6FD84E4C-1B31-4194-8B67-BB3FB0547F6B}.DebugE|x64.Build.0 = Debug|x64
		{6FD84E4C-1B31-4194-8B67-BB3FB0547F6B}.DebugE|x86.ActiveCfg = Debug|Win32
		{6FD84E4C-1B31-4194-8B67-BB3FB0547F6B}.DebugE|x86.Build.0 = Debug|Win32
		{6FD84E4C-1B31-4194-8B67-BB3FB0547F6B}.Hybrid|x64.ActiveCfg = Debug|x64
		{6FD84E4C-1B31-4194-8B67-BB3FB0547F6B}.Hybrid|x64.Build.0 = Debug|x64
		{6FD84E4C-1B31-4194-8B67-BB3FB0547F6B}.Hybrid|x86.ActiveCfg = Debug|Win32
		{6FD84E4C-1B31-4194-8B67-BB3FB0547F6B}.Hybrid|x86.Build.0 = Debug|Win32
		{6FD84E4C-1B31-4194-8B67-BB3FB0547F6B}.Internal|x64.ActiveCfg = Debug|x64
		{6FD84E4C-1B31-4194-8B67-BB3FB0547F6B}.Internal|x64.Build.0 = Debug|x64
		{6FD84E4C-1B31-4194-8B67-BB3FB0547F6B}.Internal|x86.ActiveCfg = Debug|Win32
		{6FD84E4C-1B31-4194-8B67-BB3FB0547F6B}.Internal|x86.Build.0 = Debug|Win32
		{6FD84E4C-1B31-4194-8B67-BB3FB0547F6B}.Max4Hybrid|x64.ActiveCfg = Debug|x64
		{6FD84E4C-1B31-4194-8B67-BB3FB0547F6B}.Max4Hybrid|x64.Build.0 = Debug|x64
		{6FD84E4C-1B31-4194-8B67-BB3FB0547F6B}.Max4Hybrid|x86.ActiveCfg = Debug|Win32
		{6FD84E4C-1B31-4194-8B67-BB3FB0547F6B}.Max4Hybrid|x86.Build.0 = Debug|Win32
		{6FD84E4C-1B31-4194-8B67-BB3FB0547F6B}.Max4Release|x64.ActiveCfg = Release|x64
		{6FD84E4C-1B31-4194-8B67-BB3FB0547F6B}.Max4Release|x64.Build.0 = Release|x64
		{6FD84E4C-1B31-4194-8B67-BB3FB0547F6B}.Max4Release|x86.ActiveCfg = Release|Win32
		{6FD84E4C-1B31-4194-8B67-BB3FB0547F6B}.Max4Release|x86.Build.0 = Release|Win32
		{6FD84E4C-1B31-4194-8B67-BB3FB0547F6B}.Profile|x64.ActiveCfg = Debug|x64
		{6FD84E4C-1B31-4194-8B67-BB3FB0547F6B}.Profile|x64.Build.0 = Debug|x64
		{6FD84E4C-1B31-4194-8B67-BB3FB0547F6B}.Profile|x86.ActiveCfg = Debug|Win32
		{6FD84E4C-1B31-4194-8B67-BB3FB0547F6B}.Profile|x86.Build.0 = Debug|Win32
		{6FD84E4C-1B31-4194-8B67-BB3FB0547F6B}.ProfileE|x64.ActiveCfg = Debug|x64
		{6FD84E4C-1B31-4194-8B67-BB3FB0547F6B}.ProfileE|x64.Build.0 = Debug|x64
		{6FD84E4C-1B31-4194-8B67-BB3FB0547F6B}.ProfileE|x86.ActiveCfg = Debug|Win32
		{6FD84E4C-1B31-4194-8B67-BB3FB0547F6B}.ProfileE|x86.Build.0 = Debug|Win32
		{6FD84E4C-1B31-4194-8B67-BB3FB0547F6B}.Release|x64.ActiveCfg = Release|x64
		{6FD84E4C-1B31-4194-8B67-BB3FB0547F6B}.Release|x64.Build.0 = Release|x64
		{6FD84E4C-1B31-4194-8B67-BB3FB0547F6B}.Release|x86.ActiveCfg = Release|Win32
		{6FD84E4C-1B31-4194-8B67-BB3FB0547F6B}.Release|x86.Build.0 = Release|Win32
		{6FD84E4C-1B31-4194-8B67-BB3FB0547F6B}.Template|x64.ActiveCfg = Template|x64
		{6FD84E4C-1B31-4194-8B67-BB3FB0547F6B}.Template|x64.Build.0 = Template|x64
		{6FD84E4C-1B31-4194-8B67-BB3FB0547F6B}.Template|x86.ActiveCfg = Template|Win32
		{6FD84E4C-1B31-4194-8B67-BB3FB0547F6B}.Template|x86.Build.0 = Template|Win32
		{DB37ED2A-A06D-456F-AE1F-57880B570EC3}.Debug|x64.ActiveCfg = Debug|x64
		{DB37ED2A-A06D-456F-AE1F-57880B570EC3}.Debug|x64.Build.0 = Debug|x64
		{DB37ED2A-A06D-456F-AE1F-57880B570EC3}.Debug|x86.ActiveCfg = Debug|Win32
		{DB37ED2A-A06D-456F-AE1F-57880B570EC3}.Debug|x86.Build.0 = Debug|Win32
		{DB37ED2A-A06D-456F-AE1F-57880B570EC3}.DebugE|x64.ActiveCfg = Debug|x64
		{DB37ED2A-A06D-456F-AE1F-57880B570EC3}.DebugE|x64.Build.0 = Debug|x64
		{DB37ED2A-A06D-456F-AE1F-57880B570EC3}.DebugE|x86.ActiveCfg = Debug|Win32
		{DB37ED2A-A06D-456F-AE1F-57880B570EC3}.DebugE|x86.Build.0 = Debug|Win32
		{DB37ED2A-A06D-456F-AE1F-57880B570EC3}.Hybrid|x64.ActiveCfg = Debug|x64
		{DB37ED2A-A06D-456F-AE1F-57880B570EC3}.Hybrid|x64.Build.0 = Debug|x64
		{DB37ED2A-A06D-456F-AE1F-57880B570EC3}.Hybrid|x86.ActiveCfg = Debug|Win32
		{DB37ED2A-A06D-456F-AE1F-57880B570EC3}.Hybrid|x86.Build.0 = Debug|Win32
		{DB37ED2A-A06D-456F-AE1F-57880B570EC3}.Internal|x64.ActiveCfg = Debug|x64
		{DB37ED2A-A06D-456F-AE1F-57880B570EC3}.Internal|x64.Build.0 = Debug|x64
		{DB37ED2A-A06D-456F-AE1F-57880B570EC3}.Internal|x86.ActiveCfg = Debug|Win32
		{DB37ED2A-A06D-456F-AE1F-57880B570EC3}.Internal|x86.Build.0 = Debug|Win32
		{DB37ED2A-A06D-456F-AE1F-57880B570EC3}.Max4Hybrid|x64.ActiveCfg = Debug|x64
		{DB37ED2A-A06D-456F-AE1F-57880B570EC3}.Max4Hybrid|x64.Build.0 = Debug|x64
		{DB37ED2A-A06D-456F-AE1F-57880B570EC3}.Max4Hybrid|x86.ActiveCfg = Debug|Win32
		{DB37ED2A-A06D-456F-AE1F-57880B570EC3}.Max4Hybrid|x86.Build.0 = Debug|Win32
		{DB37ED2A-A06D-456F-AE1F-57880B570EC3}.Max4Release|x64.ActiveCfg = Release|x64
		{DB37ED2A-A06D-456F-AE1F-57880B570EC3}.Max4Release|x64.Build.0 = Release|x64
		{DB37ED2A-A06D-456F-AE1F-57880B570EC3}.Max4Release|x86.ActiveCfg = Release|Win32
		{DB37ED2A-A06D-456F-AE1F-57880B570EC3}.Max4Release|x86.Build.0 = Release|Win32
		{DB37ED2A-A06D-456F-AE1F-57880B570EC3}.Profile|x64.ActiveCfg = Debug|x64
		{DB37ED2A-A06D-456F-AE1F-57880B570EC3}.Profile|x64.Build.0 = Debug|x64
		{DB37ED2A-A06D-456F-AE1F-57880B570EC3}.Profile|x86.ActiveCfg = Debug|Win32
		{DB37ED2A-A06D-456F-AE1F-57880B570EC3}.Profile|x86.Build.0 = Debug|Win32
		{DB37ED2A-A06D-456F-AE1F-57880B570EC3}.ProfileE|x64.ActiveCfg = Debug|x64
		{DB37ED2A-A06D-456F-AE1F-57880B570EC3}.ProfileE|x64.Build.0 = Debug|x64
		{DB37ED2A-A06D-456F-AE1F-57880B570EC3}.ProfileE|x86.ActiveCfg = Debug|Win32
		{DB37ED2A-A06D-456F-AE1F-57880B570EC3}.ProfileE|x86.Build.0 = Debug|Win32
		{DB37ED2A-A06D-456F-AE1F-57880B570EC3}.Release|x64.ActiveCfg = Release|x64
		{DB37ED2A-A06D-456F-AE1F-57880B570EC3}.Release|x64.Build.0 = Release|x64
		{DB37ED2A-A06D-456F-AE1F-57880B570EC3}.Release|x86.ActiveCfg = Release|Win32
		{DB37ED2A-A06D-456F-AE1F-57880B570EC3}.Release|x86.Build.0 = Release|Win32
		{DB37ED2A-A06D-456F-AE1F-57880B570EC3}.Template|x64.ActiveCfg = Template|x64
		{DB37ED2A-A06D-456F-AE1F-57880B570EC3}.Template|x64.Build.0 = Template|x64
		{DB37ED2A-A06D-456F-AE1F-57880B570EC3}.Template|x86.ActiveCfg = Template|Win32
		{DB37ED2A-A06D-456F-AE1F-57880B570EC3}.Template|x86.Build.0 = Template|Win32
		{A73552D7-5869-468F-BA61-C8914BF7BFDB}.Debug|x64.ActiveCfg = Debug|x64
		{A73552D7-5869-468F-BA61-C8914BF7BFDB}.Debug|x64.Build.0 = Debug|x64
		{A73552D7-5869-468F-BA61-C8914BF7BFDB}.Debug|x86.ActiveCfg = Debug|Win32
		{A73552D7-5869-468F-BA61-C8914BF7BFDB}.Debug|x86.Build.0 = Debug|Win32
		{A73552D7-5869-468F-BA61-C8914BF7BFDB}.DebugE|x64.ActiveCfg = Debug|x64
		{A73552D7-5869-468F-BA61-C8914BF7BFDB}.DebugE|x64.Build.0 = Debug|x64
		{A73552D7-5869-468F-BA61-C8914BF7BFDB}.DebugE|x86.ActiveCfg = Debug|Win32
		{A73552D7-5869-468F-BA61-C8914BF7BFDB}.DebugE|x86.Build.0 = Debug|Win32
		{A73552D7-5869-468F-BA61-C8914BF7BFDB}.Hybrid|x64.ActiveCfg = Hybrid|x64
		{A73552D7-5869-468F-BA61-C8914BF7BFDB}.Hybrid|x64.Build.0 = Hybrid|x64
		{A73552D7-5869-468F-BA61-C8914BF7BFDB}.Hybrid|x86.ActiveCfg = Hybrid|Win32
		{A73552D7-5869-468F-BA61-C8914BF7BFDB}.Hybrid|x86.Build.0 = Hybrid|Win32
		{A73552D7-5869-468F-BA61-C8914BF7BFDB}.Internal|x64.ActiveCfg = Hybrid|x64
		{A73552D7-5869-468F-BA61-C8914BF7BFDB}.Internal|x64.Build.0 = Hybrid|x64
		{A73552D7-5869-468F-BA61-C8914BF7BFDB}.Internal|x86.ActiveCfg = Debug|Win32
		{A73552D7-5869-468F-BA61-C8914BF7BFDB}.Internal|x86.Build.0 = Debug|Win32
		{A73552D7-5869-468F-BA61-C8914BF7BFDB}.Max4Hybrid|x64.ActiveCfg = Max4Hybrid|x64
		{A73552D7-5869-468F-BA61-C8914BF7BFDB}.Max4Hybrid|x64.Build.0 = Max4Hybrid|x64
		{A73552D7-5869-468F-BA61-C8914BF7BFDB}.Max4Hybrid|x86.ActiveCfg = Max4Hybrid|Win32
		{A73552D7-5869-468F-BA61-C8914BF7BFDB}.Max4Hybrid|x86.Build.0 = Max4Hybrid|Win32
		{A73552D7-5869-468F-BA61-C8914BF7BFDB}.Max4Release|x64.ActiveCfg = Max4Release|x64
		{A73552D7-5869-468F-BA61-C8914BF7BFDB}.Max4Release|x64.Build.0 = Max4Release|x64
		{A73552D7-5869-468F-BA61-C8914BF7BFDB}.Max4Release|x86.ActiveCfg = Max4Release|Win32
		{A73552D7-5869-468F-BA61-C8914BF7BFDB}.Max4Release|x86.Build.0 = Max4Release|Win32
		{A73552D7-5869-468F-BA61-C8914BF7BFDB}.Profile|x64.ActiveCfg = Hybrid|x64
		{A73552D7-5869-468F-BA61-C8914BF7BFDB}.Profile|x64.Build.0 = Hybrid|x64
		{A73552D7-5869-468F-BA61-C8914BF7BFDB}.Profile|x86.ActiveCfg = Debug|Win32
		{A73552D7-5869-468F-BA61-C8914BF7BFDB}.Profile|x86.Build.0 = Debug|Win32
		{A73552D7-5869-468F-BA61-C8914BF7BFDB}.ProfileE|x64.ActiveCfg = Hybrid|x64
		{A73552D7-5869-468F-BA61-C8914BF7BFDB}.ProfileE|x64.Build.0 = Hybrid|x64
		{A73552D7-5869-468F-BA61-C8914BF7BFDB}.ProfileE|x86.ActiveCfg = Debug|Win32
		{A73552D7-5869-468F-BA61-C8914BF7BFDB}.ProfileE|x86.Build.0 = Debug|Win32
		{A73552D7-5869-468F-BA61-C8914BF7BFDB}.Release|x64.ActiveCfg = Release|x64
		{A73552D7-5869-468F-BA61-C8914BF7BFDB}.Release|x64.Build.0 = Release|x64
		{A73552D7-5869-468F-BA61-C8914BF7BFDB}.Release|x86.ActiveCfg = Release|Win32
		{A73552D7-5869-468F-BA61-C8914BF7BFDB}.Release|x86.Build.0 = Release|Win32
		{A73552D7-5869-468F-BA61-C8914BF7BFDB}.Template|x64.ActiveCfg = Template|x64
		{A73552D7-5869-468F-BA61-C8914BF7BFDB}.Template|x64.Build.0 = Template|x64
		{A73552D7-5869-468F-BA61-C8914BF7BFDB}.Template|x86.ActiveCfg = Template|Win32
		{A73552D7-5869-468F-BA61-C8914BF7BFDB}.Template|x86.Build.0 = Template|Win32
		{A04EA580-0D86-4426-AA5C-2614794E8117}.Debug|x64.ActiveCfg = Debug|x64
		{A04EA580-0D86-4426-AA5C-2614794E8117}.Debug|x64.Build.0 = Debug|x64
		{A04EA580-0D86-4426-AA5C-2614794E8117}.Debug|x86.ActiveCfg = Debug|Win32
		{A04EA580-0D86-4426-AA5C-2614794E8117}.Debug|x86.Build.0 = Debug|Win32
		{A04EA580-0D86-4426-AA5C-2614794E8117}.DebugE|x64.ActiveCfg = Debug|x64
		{A04EA580-0D86-4426-AA5C-2614794E8117}.DebugE|x64.Build.0 = Debug|x64
		{A04EA580-0D86-4426-AA5C-2614794E8117}.DebugE|x86.ActiveCfg = Debug|Win32
		{A04EA580-0D86-4426-AA5C-2614794E8117}.DebugE|x86.Build.0 = Debug|Win32
		{A04EA580-0D86-4426-AA5C-2614794E8117}.Hybrid|x64.ActiveCfg = Hybrid|x64
		{A04EA580-0D86-4426-AA5C-2614794E8117}.Hybrid|x64.Build.0 = Hybrid|x64
		{A04EA580-0D86-4426-AA5C-2614794E8117}.Hybrid|x86.ActiveCfg = Hybrid|Win32
		{A04EA580-0D86-4426-AA5C-2614794E8117}.Hybrid|x86.Build.0 = Hybrid|Win32
		{A04EA580-0D86-4426-AA5C-2614794E8117}.Internal|x64.ActiveCfg = Hybrid|x64
		{A04EA580-0D86-4426-AA5C-2614794E8117}.Internal|x64.Build.0 = Hybrid|x64
		{A04EA580-0D86-4426-AA5C-2614794E8117}.Internal|x86.ActiveCfg = Debug|Win32
		{A04EA580-0D86-4426-AA5C-2614794E8117}.Internal|x86.Build.0 = Debug|Win32
		{A04EA580-0D86-4426-AA5C-2614794E8117}.Max4Hybrid|x64.ActiveCfg = Hybrid|x64
		{A04EA580-0D86-4426-AA5C-2614794E8117}.Max4Hybrid|x64.Build.0 = Hybrid|x64
		{A04EA580-0D86-4426-AA5C-2614794E8117}.Max4Hybrid|x86.ActiveCfg = Hybrid|Win32
		{A04EA580-0D86-4426-AA5C-2614794E8117}.Max4Hybrid|x86.Build.0 = Hybrid|Win32
		{A04EA580-0D86-4426-AA5C-2614794E8117}.Max4Release|x64.ActiveCfg = Release|x64
		{A04EA580-0D86-4426-AA5C-2614794E8117}.Max4Release|x64.Build.0 = Release|x64
		{A04EA580-0D86-4426-AA5C-2614794E8117}.Max4Release|x86.ActiveCfg = Release|Win32
		{A04EA580-0D86-4426-AA5C-2614794E8117}.Max4Release|x86.Build.0 = Release|Win32
		{A04EA580-0D86-4426-AA5C-2614794E8117}.Profile|x64.ActiveCfg = Hybrid|x64
		{A04EA580-0D86-4426-AA5C-2614794E8117}.Profile|x64.Build.0 = Hybrid|x64
		{A04EA580-0D86-4426-AA5C-2614794E8117}.Profile|x86.ActiveCfg = Debug|Win32
		{A04EA580-0D86-4426-AA5C-2614794E8117}.Profile|x86.Build.0 = Debug|Win32
		{A04EA580-0D86-4426-AA5C-2614794E8117}.ProfileE|x64.ActiveCfg = Hybrid|x64
		{A04EA580-0D86-4426-AA5C-2614794E8117}.ProfileE|x64.Build.0 = Hybrid|x64
		{A04EA580-0D86-4426-AA5C-2614794E8117}.ProfileE|x86.ActiveCfg = Debug|Win32
		{A04EA580-0D86-4426-AA5C-2614794E8117}.ProfileE|x86.Build.0 = Debug|Win32
		{A04EA580-0D86-4426-AA5C-2614794E8117}.Release|x64.ActiveCfg = Release|x64
		{A04EA580-0D86-4426-AA5C-2614794E8117}.Release|x64.Build.0 = Release|x64
		{A04EA580-0D86-4426-AA5C-2614794E8117}.Release|x86.ActiveCfg = Release|Win32
		{A04EA580-0D86-4426-AA5C-2614794E8117}.Release|x86.Build.0 = Release|Win32
		{A04EA580-0D86-4426-AA5C-2614794E8117}.Template|x64.ActiveCfg = Template|x64
		{A04EA580-0D86-4426-AA5C-2614794E8117}.Template|x64.Build.0 = Template|x64
		{A04EA580-0D86-4426-AA5C-2614794E8117}.Template|x86.ActiveCfg = Template|Win32
		{A04EA580-0D86-4426-AA5C-2614794E8117}.Template|x86.Build.0 = Template|Win32
		{8FB100BF-C53F-4BAD-BD2C-CCD245F6A15A}.Debug|x64.ActiveCfg = Debug|x64
		{8FB100BF-C53F-4BAD-BD2C-CCD245F6A15A}.Debug|x64.Build.0 = Debug|x64
		{8FB100BF-C53F-4BAD-BD2C-CCD245F6A15A}.Debug|x86.ActiveCfg = Debug|Win32
		{8FB100BF-C53F-4BAD-BD2C-CCD245F6A15A}.Debug|x86.Build.0 = Debug|Win32
		{8FB100BF-C53F-4BAD-BD2C-CCD245F6A15A}.DebugE|x64.ActiveCfg = Debug|x64
		{8FB100BF-C53F-4BAD-BD2C-CCD245F6A15A}.DebugE|x64.Build.0 = Debug|x64
		{8FB100BF-C53F-4BAD-BD2C-CCD245F6A15A}.DebugE|x86.ActiveCfg = Debug|Win32
		{8FB100BF-C53F-4BAD-BD2C-CCD245F6A15A}.DebugE|x86.Build.0 = Debug|Win32
		{8FB100BF-C53F-4BAD-BD2C-CCD245F6A15A}.Hybrid|x64.ActiveCfg = Debug|x64
		{8FB100BF-C53F-4BAD-BD2C-CCD245F6A15A}.Hybrid|x64.Build.0 = Debug|x64
		{8FB100BF-C53F-4BAD-BD2C-CCD245F6A15A}.Hybrid|x86.ActiveCfg = Debug|Win32
		{8FB100BF-C53F-4BAD-BD2C-CCD245F6A15A}.Hybrid|x86.Build.0 = Debug|Win32
		{8FB100BF-C53F-4BAD-BD2C-CCD245F6A15A}.Internal|x64.ActiveCfg = Debug|x64
		{8FB100BF-C53F-4BAD-BD2C-CCD245F6A15A}.Internal|x64.Build.0 = Debug|x64
		{8FB100BF-C53F-4BAD-BD2C-CCD245F6A15A}.Internal|x86.ActiveCfg = Debug|Win32
		{8FB100BF-C53F-4BAD-BD2C-CCD245F6A15A}.Internal|x86.Build.0 = Debug|Win32
		{8FB100BF-C53F-4BAD-BD2C-CCD245F6A15A}.Max4Hybrid|x64.ActiveCfg = Debug|x64
		{8FB100BF-C53F-4BAD-BD2C-CCD245F6A15A}.Max4Hybrid|x64.Build.0 = Debug|x64
		{8FB100BF-C53F-4BAD-BD2C-CCD245F6A15A}.Max4Hybrid|x86.ActiveCfg = Debug|Win32
		{8FB100BF-C53F-4BAD-BD2C-CCD245F6A15A}.Max4Hybrid|x86.Build.0 = Debug|Win32
		{8FB100BF-C53F-4BAD-BD2C-CCD245F6A15A}.Max4Release|x64.ActiveCfg = Release|x64
		{8FB100BF-C53F-4BAD-BD2C-CCD245F6A15A}.Max4Release|x64.Build.0 = Release|x64
		{8FB100BF-C53F-4BAD-BD2C-CCD245F6A15A}.Max4Release|x86.ActiveCfg = Release|Win32
		{8FB100BF-C53F-4BAD-BD2C-CCD245F6A15A}.Max4Release|x86.Build.0 = Release|Win32
		{8FB100BF-C53F-4BAD-BD2C-CCD245F6A15A}.Profile|x64.ActiveCfg = Debug|x64
		{8FB100BF-C53F-4BAD-BD2C-CCD245F6A15A}.Profile|x64.Build.0 = Debug|x64
		{8FB100BF-C53F-4BAD-BD2C-CCD245F6A15A}.Profile|x86.ActiveCfg = Debug|Win32
		{8FB100BF-C53F-4BAD-BD2C-CCD245F6A15A}.Profile|x86.Build.0 = Debug|Win32
		{8FB100BF-C53F-4BAD-BD2C-CCD245F6A15A}.ProfileE|x64.ActiveCfg = Debug|x64
		{8FB100BF-C53F-4BAD-BD2C-CCD245F6A15A}.ProfileE|x64.Build.0 = Debug|x64
		{8FB100BF-C53F-4BAD-BD2C-CCD245F6A15A}.ProfileE|x86.ActiveCfg = Debug|Win32
		{8FB100BF-C53F-4BAD-BD2C-CCD245F6A15A}.ProfileE|x86.Build.0 = Debug|Win32
		{8FB100BF-C53F-4BAD-BD2C-CCD245F6A15A}.Release|x64.ActiveCfg = Release|x64
		{8FB100BF-C53F-4BAD-BD2C-CCD245F6A15A}.Release|x64.Build.0 = Release|x64
		{8FB100BF-C53F-4BAD-BD2C-CCD245F6A15A}.Release|x86.ActiveCfg = Release|Win32
		{8FB100BF-C53F-4BAD-BD2C-CCD245F6A15A}.Release|x86.Build.0 = Release|Win32
		{8FB100BF-C53F-4BAD-BD2C-CCD245F6A15A}.Template|x64.ActiveCfg = Template|x64
		{8FB100BF-C53F-4BAD-BD2C-CCD245F6A15A}.Template|x64.Build.0 = Template|x64
		{8FB100BF-C53F-4BAD-BD2C-CCD245F6A15A}.Template|x86.ActiveCfg = Template|Win32
		{8FB100BF-C53F-4BAD-BD2C-CCD245F6A15A}.Template|x86.Build.0 = Template|Win32
		{22C625A2-7671-422C-9A31-19BC3CFABECD}.Debug|x64.ActiveCfg = Debug|x64
		{22C625A2-7671-422C-9A31-19BC3CFABECD}.Debug|x64.Build.0 = Debug|x64
		{22C625A2-7671-422C-9A31-19BC3CFABECD}.Debug|x86.ActiveCfg = Debug|Win32
		{22C625A2-7671-422C-9A31-19BC3CFABECD}.Debug|x86.Build.0 = Debug|Win32
		{22C625A2-7671-422C-9A31-19BC3CFABECD}.DebugE|x64.ActiveCfg = Debug|x64
		{22C625A2-7671-422C-9A31-19BC3CFABECD}.DebugE|x64.Build.0 = Debug|x64
		{22C625A2-7671-422C-9A31-19BC3CFABECD}.DebugE|x86.ActiveCfg = Debug|Win32
		{22C625A2-7671-422C-9A31-19BC3CFABECD}.DebugE|x86.Build.0 = Debug|Win32
		{22C625A2-7671-422C-9A31-19BC3CFABECD}.Hybrid|x64.ActiveCfg = Debug|x64
		{22C625A2-7671-422C-9A31-19BC3CFABECD}.Hybrid|x64.Build.0 = Debug|x64
		{22C625A2-7671-422C-9A31-19BC3CFABECD}.Hybrid|x86.ActiveCfg = Debug|Win32
		{22C625A2-7671-422C-9A31-19BC3CFABECD}.Hybrid|x86.Build.0 = Debug|Win32
		{22C625A2-7671-422C-9A31-19BC3CFABECD}.Internal|x64.ActiveCfg = Debug|x64
		{22C625A2-7671-422C-9A31-19BC3CFABECD}.Internal|x64.Build.0 = Debug|x64
		{22C625A2-7671-422C-9A31-19BC3CFABECD}.Internal|x86.ActiveCfg = Debug|Win32
		{22C625A2-7671-422C-9A31-19BC3CFABECD}.Internal|x86.Build.0 = Debug|Win32
		{22C625A2-7671-422C-9A31-19BC3CFABECD}.Max4Hybrid|x64.ActiveCfg = Debug|x64
		{22C625A2-7671-422C-9A31-19BC3CFABECD}.Max4Hybrid|x64.Build.0 = Debug|x64
		{22C625A2-7671-422C-9A31-19BC3CFABECD}.Max4Hybrid|x86.ActiveCfg = Debug|Win32
		{22C625A2-7671-422C-9A31-19BC3CFABECD}.Max4Hybrid|x86.Build.0 = Debug|Win32
		{22C625A2-7671-422C-9A31-19BC3CFABECD}.Max4Release|x64.ActiveCfg = Release|x64
		{22C625A2-7671-422C-9A31-19BC3CFABECD}.Max4Release|x64.Build.0 = Release|x64
		{22C625A2-7671-422C-9A31-19BC3CFABECD}.Max4Release|x86.ActiveCfg = Release|Win32
		{22C625A2-7671-422C-9A31-19BC3CFABECD}.Max4Release|x86.Build.0 = Release|Win32
		{22C625A2-7671-422C-9A31-19BC3CFABECD}.Profile|x64.ActiveCfg = Debug|x64
		{22C625A2-7671-422C-9A31-19BC3CFABECD}.Profile|x64.Build.0 = Debug|x64
		{22C625A2-7671-422C-9A31-19BC3CFABECD}.Profile|x86.ActiveCfg = Debug|Win32
		{22C625A2-7671-422C-9A31-19BC3CFABECD}.Profile|x86.Build.0 = Debug|Win32
		{22C625A2-7671-422C-9A31-19BC3CFABECD}.ProfileE|x64.ActiveCfg = Debug|x64
		{22C625A2-7671-422C-9A31-19BC3CFABECD}.ProfileE|x64.Build.0 = Debug|x64
		{22C625A2-7671-422C-9A31-19BC3CFABECD}.ProfileE|x86.ActiveCfg = Debug|Win32
		{22C625A2-7671-422C-9A31-19BC3CFABECD}.ProfileE|x86.Build.0 = Debug|Win32
		{22C625A2-7671-422C-9A31-19BC3CFABECD}.Release|x64.ActiveCfg = Release|x64
		{22C625A2-7671-422C-9A31-19BC3CFABECD}.Release|x64.Build.0 = Release|x64
		{22C625A2-7671-422C-9A31-19BC3CFABECD}.Release|x86.ActiveCfg = Release|Win32
		{22C625A2-7671-422C-9A31-19BC3CFABECD}.Release|x86.Build.0 = Release|Win32
		{22C625A2-7671-422C-9A31-19BC3CFABECD}.Template|x64.ActiveCfg = Template|x64
		{22C625A2-7671-422C-9A31-19BC3CFABECD}.Template|x64.Build.0 = Template|x64
		{22C625A2-7671-422C-9A31-19BC3CFABECD}.Template|x86.ActiveCfg = Template|Win32
		{22C625A2-7671-422C-9A31-19BC3CFABECD}.Template|x86.Build.0 = Template|Win32
		{44ACBBE7-78B0-496D-975C-EB8A47381450}.Debug|x64.ActiveCfg = Debug|x64
		{44ACBBE7-78B0-496D-975C-EB8A47381450}.Debug|x64.Build.0 = Debug|x64
		{44ACBBE7-78B0-496D-975C-EB8A47381450}.Debug|x86.ActiveCfg = Debug|Win32
		{44ACBBE7-78B0-496D-975C-EB8A47381450}.Debug|x86.Build.0 = Debug|Win32
		{44ACBBE7-78B0-496D-975C-EB8A47381450}.DebugE|x64.ActiveCfg = DebugE|x64
		{44ACBBE7-78B0-496D-975C-EB8A47381450}.DebugE|x64.Build.0 = DebugE|x64
		{44ACBBE7-78B0-496D-975C-EB8A47381450}.DebugE|x86.ActiveCfg = DebugE|Win32
		{44ACBBE7-78B0-496D-975C-EB8A47381450}.DebugE|x86.Build.0 = DebugE|Win32
		{44ACBBE7-78B0-496D-975C-EB8A47381450}.Hybrid|x64.ActiveCfg = Profile|x64
		{44ACBBE7-78B0-496D-975C-EB8A47381450}.Hybrid|x64.Build.0 = Profile|x64
		{44ACBBE7-78B0-496D-975C-EB8A47381450}.Hybrid|x86.ActiveCfg = Debug|Win32
		{44ACBBE7-78B0-496D-975C-EB8A47381450}.Hybrid|x86.Build.0 = Debug|Win32
		{44ACBBE7-78B0-496D-975C-EB8A47381450}.Internal|x64.ActiveCfg = Internal|x64
		{44ACBBE7-78B0-496D-975C-EB8A47381450}.Internal|x64.Build.0 = Internal|x64
		{44ACBBE7-78B0-496D-975C-EB8A47381450}.Internal|x86.ActiveCfg = Internal|Win32
		{44ACBBE7-78B0-496D-975C-EB8A47381450}.Internal|x86.Build.0 = Internal|Win32
		{44ACBBE7-78B0-496D-975C-EB8A47381450}.Max4Hybrid|x64.ActiveCfg = Profile|x64
		{44ACBBE7-78B0-496D-975C-EB8A47381450}.Max4Hybrid|x64.Build.0 = Profile|x64
		{44ACBBE7-78B0-496D-975C-EB8A47381450}.Max4Hybrid|x86.ActiveCfg = Debug|Win32
		{44ACBBE7-78B0-496D-975C-EB8A47381450}.Max4Hybrid|x86.Build.0 = Debug|Win32
		{44ACBBE7-78B0-496D-975C-EB8A47381450}.Max4Release|x64.ActiveCfg = Release|x64
		{44ACBBE7-78B0-496D-975C-EB8A47381450}.Max4Release|x64.Build.0 = Release|x64
		{44ACBBE7-78B0-496D-975C-EB8A47381450}.Max4Release|x86.ActiveCfg = Release|Win32
		{44ACBBE7-78B0-496D-975C-EB8A47381450}.Max4Release|x86.Build.0 = Release|Win32
		{44ACBBE7-78B0-496D-975C-EB8A47381450}.Profile|x64.ActiveCfg = Profile|x64
		{44ACBBE7-78B0-496D-975C-EB8A47381450}.Profile|x64.Build.0 = Profile|x64
		{44ACBBE7-78B0-496D-975C-EB8A47381450}.Profile|x86.ActiveCfg = Profile|Win32
		{44ACBBE7-78B0-496D-975C-EB8A47381450}.Profile|x86.Build.0 = Profile|Win32
		{44ACBBE7-78B0-496D-975C-EB8A47381450}.ProfileE|x64.ActiveCfg = ProfileE|x64
		{44ACBBE7-78B0-496D-975C-EB8A47381450}.ProfileE|x64.Build.0 = ProfileE|x64
		{44ACBBE7-78B0-496D-975C-EB8A47381450}.ProfileE|x86.ActiveCfg = ProfileE|Win32
		{44ACBBE7-78B0-496D-975C-EB8A47381450}.ProfileE|x86.Build.0 = ProfileE|Win32
		{44ACBBE7-78B0-496D-975C-EB8A47381450}.Release|x64.ActiveCfg = Release|x64
		{44ACBBE7-78B0-496D-975C-EB8A47381450}.Release|x64.Build.0 = Release|x64
		{44ACBBE7-78B0-496D-975C-EB8A47381450}.Release|x86.ActiveCfg = Release|Win32
		{44ACBBE7-78B0-496D-975C-EB8A47381450}.Release|x86.Build.0 = Release|Win32
		{44ACBBE7-78B0-496D-975C-EB8A47381450}.Template|x64.ActiveCfg = Template|x64
		{44ACBBE7-78B0-496D-975C-EB8A47381450}.Template|x64.Build.0 = Template|x64
		{44ACBBE7-78B0-496D-975C-EB8A47381450}.Template|x86.ActiveCfg = Template|Win32
		{44ACBBE7-78B0-496D-975C-EB8A47381450}.Template|x86.Build.0 = Template|Win32
		{84828BD1-5317-4E1E-A926-F8741D32FD47}.Debug|x64.ActiveCfg = Debug|x64
		{84828BD1-5317-4E1E-A926-F8741D32FD47}.Debug|x64.Build.0 = Debug|x64
		{84828BD1-5317-4E1E-A926-F8741D32FD47}.Debug|x86.ActiveCfg = Debug|Win32
		{84828BD1-5317-4E1E-A926-F8741D32FD47}.Debug|x86.Build.0 = Debug|Win32
		{84828BD1-5317-4E1E-A926-F8741D32FD47}.DebugE|x64.ActiveCfg = Debug|x64
		{84828BD1-5317-4E1E-A926-F8741D32FD47}.DebugE|x64.Build.0 = Debug|x64
		{84828BD1-5317-4E1E-A926-F8741D32FD47}.DebugE|x86.ActiveCfg = Debug|Win32
		{84828BD1-5317-4E1E-A926-F8741D32FD47}.DebugE|x86.Build.0 = Debug|Win32
		{84828BD1-5317-4E1E-A926-F8741D32FD47}.Hybrid|x64.ActiveCfg = Profile|x64
		{84828BD1-5317-4E1E-A926-F8741D32FD47}.Hybrid|x64.Build.0 = Profile|x64
		{84828BD1-5317-4E1E-A926-F8741D32FD47}.Hybrid|x86.ActiveCfg = Debug|Win32
		{84828BD1-5317-4E1E-A926-F8741D32FD47}.Hybrid|x86.Build.0 = Debug|Win32
		{84828BD1-5317-4E1E-A926-F8741D32FD47}.Internal|x64.ActiveCfg = Internal|x64
		{84828BD1-5317-4E1E-A926-F8741D32FD47}.Internal|x64.Build.0 = Internal|x64
		{84828BD1-5317-4E1E-A926-F8741D32FD47}.Internal|x86.ActiveCfg = Internal|Win32
		{84828BD1-5317-4E1E-A926-F8741D32FD47}.Internal|x86.Build.0 = Internal|Win32
		{84828BD1-5317-4E1E-A926-F8741D32FD47}.Max4Hybrid|x64.ActiveCfg = Profile|x64
		{84828BD1-5317-4E1E-A926-F8741D32FD47}.Max4Hybrid|x64.Build.0 = Profile|x64
		{84828BD1-5317-4E1E-A926-F8741D32FD47}.Max4Hybrid|x86.ActiveCfg = Debug|Win32
		{84828BD1-5317-4E1E-A926-F8741D32FD47}.Max4Hybrid|x86.Build.0 = Debug|Win32
		{84828BD1-5317-4E1E-A926-F8741D32FD47}.Max4Release|x64.ActiveCfg = Release|x64
		{84828BD1-5317-4E1E-A926-F8741D32FD47}.Max4Release|x64.Build.0 = Release|x64
		{84828BD1-5317-4E1E-A926-F8741D32FD47}.Max4Release|x86.ActiveCfg = Release|Win32
		{84828BD1-5317-4E1E-A926-F8741D32FD47}.Max4Release|x86.Build.0 = Release|Win32
		{84828BD1-5317-4E1E-A926-F8741D32FD47}.Profile|x64.ActiveCfg = Profile|x64
		{84828BD1-5317-4E1E-A926-F8741D32FD47}.Profile|x64.Build.0 = Profile|x64
		{84828BD1-5317-4E1E-A926-F8741D32FD47}.Profile|x86.ActiveCfg = Profile|Win32
		{84828BD1-5317-4E1E-A926-F8741D32FD47}.Profile|x86.Build.0 = Profile|Win32
		{84828BD1-5317-4E1E-A926-F8741D32FD47}.ProfileE|x64.ActiveCfg = Profile|x64
		{84828BD1-5317-4E1E-A926-F8741D32FD47}.ProfileE|x64.Build.0 = Profile|x64
		{84828BD1-5317-4E1E-A926-F8741D32FD47}.ProfileE|x86.ActiveCfg = Profile|Win32
		{84828BD1-5317-4E1E-A926-F8741D32FD47}.ProfileE|x86.Build.0 = Profile|Win32
		{84828BD1-5317-4E1E-A926-F8741D32FD47}.Release|x64.ActiveCfg = Release|x64
		{84828BD1-5317-4E1E-A926-F8741D32FD47}.Release|x64.Build.0 = Release|x64
		{84828BD1-5317-4E1E-A926-F8741D32FD47}.Release|x86.ActiveCfg = Release|Win32
		{84828BD1-5317-4E1E-A926-F8741D32FD47}.Release|x86.Build.0 = Release|Win32
		{84828BD1-5317-4E1E-A926-F8741D32FD47}.Template|x64.ActiveCfg = Template|x64
		{84828BD1-5317-4E1E-A926-F8741D32FD47}.Template|x64.Build.0 = Template|x64
		{84828BD1-5317-4E1E-A926-F8741D32FD47}.Template|x86.ActiveCfg = Template|Win32
		{84828BD1-5317-4E1E-A926-F8741D32FD47}.Template|x86.Build.0 = Template|Win32
		{B5B02821-7DE5-4AD4-BA09-B747BBE2FD43}.Debug|x64.ActiveCfg = Debug|x64
		{B5B02821-7DE5-4AD4-BA09-B747BBE2FD43}.Debug|x64.Build.0 = Debug|x64
		{B5B02821-7DE5-4AD4-BA09-B747BBE2FD43}.Debug|x86.ActiveCfg = Debug|Win32
		{B5B02821-7DE5-4AD4-BA09-B747BBE2FD43}.Debug|x86.Build.0 = Debug|Win32
		{B5B02821-7DE5-4AD4-BA09-B747BBE2FD43}.DebugE|x64.ActiveCfg = Debug|x64
		{B5B02821-7DE5-4AD4-BA09-B747BBE2FD43}.DebugE|x64.Build.0 = Debug|x64
		{B5B02821-7DE5-4AD4-BA09-B747BBE2FD43}.DebugE|x86.ActiveCfg = Debug|Win32
		{B5B02821-7DE5-4AD4-BA09-B747BBE2FD43}.DebugE|x86.Build.0 = Debug|Win32
		{B5B02821-7DE5-4AD4-BA09-B747BBE2FD43}.Hybrid|x64.ActiveCfg = Profile|x64
		{B5B02821-7DE5-4AD4-BA09-B747BBE2FD43}.Hybrid|x64.Build.0 = Profile|x64
		{B5B02821-7DE5-4AD4-BA09-B747BBE2FD43}.Hybrid|x86.ActiveCfg = Debug|Win32
		{B5B02821-7DE5-4AD4-BA09-B747BBE2FD43}.Hybrid|x86.Build.0 = Debug|Win32
		{B5B02821-7DE5-4AD4-BA09-B747BBE2FD43}.Internal|x64.ActiveCfg = Internal|x64
		{B5B02821-7DE5-4AD4-BA09-B747BBE2FD43}.Internal|x64.Build.0 = Internal|x64
		{B5B02821-7DE5-4AD4-BA09-B747BBE2FD43}.Internal|x86.ActiveCfg = Internal|Win32
		{B5B02821-7DE5-4AD4-BA09-B747BBE2FD43}.Internal|x86.Build.0 = Internal|Win32
		{B5B02821-7DE5-4AD4-BA09-B747BBE2FD43}.Max4Hybrid|x64.ActiveCfg = Profile|x64
		{B5B02821-7DE5-4AD4-BA09-B747BBE2FD43}.Max4Hybrid|x64.Build.0 = Profile|x64
		{B5B02821-7DE5-4AD4-BA09-B747BBE2FD43}.Max4Hybrid|x86.ActiveCfg = Debug|Win32
		{B5B02821-7DE5-4AD4-BA09-B747BBE2FD43}.Max4Hybrid|x86.Build.0 = Debug|Win32
		{B5B02821-7DE5-4AD4-BA09-B747BBE2FD43}.Max4Release|x64.ActiveCfg = Release|x64
		{B5B02821-7DE5-4AD4-BA09-B747BBE2FD43}.Max4Release|x64.Build.0 = Release|x64
		{B5B02821-7DE5-4AD4-BA09-B747BBE2FD43}.Max4Release|x86.ActiveCfg = Release|Win32
		{B5B02821-7DE5-4AD4-BA09-B747BBE2FD43}.Max4Release|x86.Build.0 = Release|Win32
		{B5B02821-7DE5-4AD4-BA09-B747BBE2FD43}.Profile|x64.ActiveCfg = Profile|x64
		{B5B02821-7DE5-4AD4-BA09-B747BBE2FD43}.Profile|x64.Build.0 = Profile|x64
		{B5B02821-7DE5-4AD4-BA09-B747BBE2FD43}.Profile|x86.ActiveCfg = Profile|Win32
		{B5B02821-7DE5-4AD4-BA09-B747BBE2FD43}.Profile|x86.Build.0 = Profile|Win32
		{B5B02821-7DE5-4AD4-BA09-B747BBE2FD43}.ProfileE|x64.ActiveCfg = Profile|x64
		{B5B02821-7DE5-4AD4-BA09-B747BBE2FD43}.ProfileE|x64.Build.0 = Profile|x64
		{B5B02821-7DE5-4AD4-BA09-B747BBE2FD43}.ProfileE|x86.ActiveCfg = Profile|Win32
		{B5B02821-7DE5-4AD4-BA09-B747BBE2FD43}.ProfileE|x86.Build.0 = Profile|Win32
		{B5B02821-7DE5-4AD4-BA09-B747BBE2FD43}.Release|x64.ActiveCfg = Release|x64
		{B5B02821-7DE5-4AD4-BA09-B747BBE2FD43}.Release|x64.Build.0 = Release|x64
		{B5B02821-7DE5-4AD4-BA09-B747BBE2FD43}.Release|x86.ActiveCfg = Release|Win32
		{B5B02821-7DE5-4AD4-BA09-B747BBE2FD43}.Release|x86.Build.0 = Release|Win32
		{B5B02821-7DE5-4AD4-BA09-B747BBE2FD43}.Template|x64.ActiveCfg = Template|x64
		{B5B02821-7DE5-4AD4-BA09-B747BBE2FD43}.Template|x64.Build.0 = Template|x64
		{B5B02821-7DE5-4AD4-BA09-B747BBE2FD43}.Template|x86.ActiveCfg = Template|Win32
		{B5B02821-7DE5-4AD4-BA09-B747BBE2FD43}.Template|x86.Build.0 = Template|Win32
		{914E26D3-C4A9-443C-BDFC-286236DF57B3}.Debug|x64.ActiveCfg = Debug|x64
		{914E26D3-C4A9-443C-BDFC-286236DF57B3}.Debug|x64.Build.0 = Debug|x64
		{914E26D3-C4A9-443C-BDFC-286236DF57B3}.Debug|x86.ActiveCfg = Debug|Win32
		{914E26D3-C4A9-443C-BDFC-286236DF57B3}.Debug|x86.Build.0 = Debug|Win32
		{914E26D3-C4A9-443C-BDFC-286236DF57B3}.DebugE|x64.ActiveCfg = Debug|x64
		{914E26D3-C4A9-443C-BDFC-286236DF57B3}.DebugE|x64.Build.0 = Debug|x64
		{914E26D3-C4A9-443C-BDFC-286236DF57B3}.DebugE|x86.ActiveCfg = Debug|Win32
		{914E26D3-C4A9-443C-BDFC-286236DF57B3}.DebugE|x86.Build.0 = Debug|Win32
		{914E26D3-C4A9-443C-BDFC-286236DF57B3}.Hybrid|x64.ActiveCfg = Profile|x64
		{914E26D3-C4A9-443C-BDFC-286236DF57B3}.Hybrid|x64.Build.0 = Profile|x64
		{914E26D3-C4A9-443C-BDFC-286236DF57B3}.Hybrid|x86.ActiveCfg = Debug|Win32
		{914E26D3-C4A9-443C-BDFC-286236DF57B3}.Hybrid|x86.Build.0 = Debug|Win32
		{914E26D3-C4A9-443C-BDFC-286236DF57B3}.Internal|x64.ActiveCfg = Internal|x64
		{914E26D3-C4A9-443C-BDFC-286236DF57B3}.Internal|x64.Build.0 = Internal|x64
		{914E26D3-C4A9-443C-BDFC-286236DF57B3}.Internal|x86.ActiveCfg = Internal|Win32
		{914E26D3-C4A9-443C-BDFC-286236DF57B3}.Internal|x86.Build.0 = Internal|Win32
		{914E26D3-C4A9-443C-BDFC-286236DF57B3}.Max4Hybrid|x64.ActiveCfg = Profile|x64
		{914E26D3-C4A9-443C-BDFC-286236DF57B3}.Max4Hybrid|x64.Build.0 = Profile|x64
		{914E26D3-C4A9-443C-BDFC-286236DF57B3}.Max4Hybrid|x86.ActiveCfg = Debug|Win32
		{914E26D3-C4A9-443C-BDFC-286236DF57B3}.Max4Hybrid|x86.Build.0 = Debug|Win32
		{914E26D3-C4A9-443C-BDFC-286236DF57B3}.Max4Release|x64.ActiveCfg = Release|x64
		{914E26D3-C4A9-443C-BDFC-286236DF57B3}.Max4Release|x64.Build.0 = Release|x64
		{914E26D3-C4A9-443C-BDFC-286236DF57B3}.Max4Release|x86.ActiveCfg = Release|Win32
		{914E26D3-C4A9-443C-BDFC-286236DF57B3}.Max4Release|x86.Build.0 = Release|Win32
		{914E26D3-C4A9-443C-BDFC-286236DF57B3}.Profile|x64.ActiveCfg = Profile|x64
		{914E26D3-C4A9-443C-BDFC-286236DF57B3}.Profile|x64.Build.0 = Profile|x64
		{914E26D3-C4A9-443C-BDFC-286236DF57B3}.Profile|x86.ActiveCfg = Profile|Win32
		{914E26D3-C4A9-443C-BDFC-286236DF57B3}.Profile|x86.Build.0 = Profile|Win32
		{914E26D3-C4A9-443C-BDFC-286236DF57B3}.ProfileE|x64.ActiveCfg = Profile|x64
		{914E26D3-C4A9-443C-BDFC-286236DF57B3}.ProfileE|x64.Build.0 = Profile|x64
		{914E26D3-C4A9-443C-BDFC-286236DF57B3}.ProfileE|x86.ActiveCfg = Profile|Win32
		{914E26D3-C4A9-443C-BDFC-286236DF57B3}.ProfileE|x86.Build.0 = Profile|Win32
		{914E26D3-C4A9-443C-BDFC-286236DF57B3}.Release|x64.ActiveCfg = Release|x64
		{914E26D3-C4A9-443C-BDFC-286236DF57B3}.Release|x64.Build.0 = Release|x64
		{914E26D3-C4A9-443C-BDFC-286236DF57B3}.Release|x86.ActiveCfg = Release|Win32
		{914E26D3-C4A9-443C-BDFC-286236DF57B3}.Release|x86.Build.0 = Release|Win32
		{914E26D3-C4A9-443C-BDFC-286236DF57B3}.Template|x64.ActiveCfg = Template|x64
		{914E26D3-C4A9-443C-BDFC-286236DF57B3}.Template|x64.Build.0 = Template|x64
		{914E26D3-C4A9-443C-BDFC-286236DF57B3}.Template|x86.ActiveCfg = Template|Win32
		{914E26D3-C4A9-443C-BDFC-286236DF57B3}.Template|x86.Build.0 = Template|Win32
		{6FF126FB-DDAE-4A85-B315-AE2BF7DA717D}.Debug|x64.ActiveCfg = Debug|x64
		{6FF126FB-DDAE-4A85-B315-AE2BF7DA717D}.Debug|x64.Build.0 = Debug|x64
		{6FF126FB-DDAE-4A85-B315-AE2BF7DA717D}.Debug|x86.ActiveCfg = Debug|Win32
		{6FF126FB-DDAE-4A85-B315-AE2BF7DA717D}.Debug|x86.Build.0 = Debug|Win32
		{6FF126FB-DDAE-4A85-B315-AE2BF7DA717D}.DebugE|x64.ActiveCfg = DebugE|x64
		{6FF126FB-DDAE-4A85-B315-AE2BF7DA717D}.DebugE|x64.Build.0 = DebugE|x64
		{6FF126FB-DDAE-4A85-B315-AE2BF7DA717D}.DebugE|x86.ActiveCfg = DebugE|Win32
		{6FF126FB-DDAE-4A85-B315-AE2BF7DA717D}.DebugE|x86.Build.0 = DebugE|Win32
		{6FF126FB-DDAE-4A85-B315-AE2BF7DA717D}.Hybrid|x64.ActiveCfg = Profile|x64
		{6FF126FB-DDAE-4A85-B315-AE2BF7DA717D}.Hybrid|x64.Build.0 = Profile|x64
		{6FF126FB-DDAE-4A85-B315-AE2BF7DA717D}.Hybrid|x86.ActiveCfg = Debug|Win32
		{6FF126FB-DDAE-4A85-B315-AE2BF7DA717D}.Hybrid|x86.Build.0 = Debug|Win32
		{6FF126FB-DDAE-4A85-B315-AE2BF7DA717D}.Internal|x64.ActiveCfg = Internal|x64
		{6FF126FB-DDAE-4A85-B315-AE2BF7DA717D}.Internal|x64.Build.0 = Internal|x64
		{6FF126FB-DDAE-4A85-B315-AE2BF7DA717D}.Internal|x86.ActiveCfg = Internal|Win32
		{6FF126FB-DDAE-4A85-B315-AE2BF7DA717D}.Internal|x86.Build.0 = Internal|Win32
		{6FF126FB-DDAE-4A85-B315-AE2BF7DA717D}.Max4Hybrid|x64.ActiveCfg = Profile|x64
		{6FF126FB-DDAE-4A85-B315-AE2BF7DA717D}.Max4Hybrid|x64.Build.0 = Profile|x64
		{6FF126FB-DDAE-4A85-B315-AE2BF7DA717D}.Max4Hybrid|x86.ActiveCfg = Debug|Win32
		{6FF126FB-DDAE-4A85-B315-AE2BF7DA717D}.Max4Hybrid|x86.Build.0 = Debug|Win32
		{6FF126FB-DDAE-4A85-B315-AE2BF7DA717D}.Max4Release|x64.ActiveCfg = Release|x64
		{6FF126FB-DDAE-4A85-B315-AE2BF7DA717D}.Max4Release|x64.Build.0 = Release|x64
		{6FF126FB-DDAE-4A85-B315-AE2BF7DA717D}.Max4Release|x86.ActiveCfg = Release|Win32
		{6FF126FB-DDAE-4A85-B315-AE2BF7DA717D}.Max4Release|x86.Build.0 = Release|Win32
		{6FF126FB-DDAE-4A85-B315-AE2BF7DA717D}.Profile|x64.ActiveCfg = Profile|x64
		{6FF126FB-DDAE-4A85-B315-AE2BF7DA717D}.Profile|x64.Build.0 = Profile|x64
		{6FF126FB-DDAE-4A85-B315-AE2BF7DA717D}.Profile|x86.ActiveCfg = Profile|Win32
		{6FF126FB-DDAE-4A85-B315-AE2BF7DA717D}.Profile|x86.Build.0 = Profile|Win32
		{6FF126FB-DDAE-4A85-B315-AE2BF7DA717D}.ProfileE|x64.ActiveCfg = ProfileE|x64
		{6FF126FB-DDAE-4A85-B315-AE2BF7DA717D}.ProfileE|x64.Build.0 = ProfileE|x64
		{6FF126FB-DDAE-4A85-B315-AE2BF7DA717D}.ProfileE|x86.ActiveCfg = ProfileE|Win32
		{6FF126FB-DDAE-4A85-B315-AE2BF7DA717D}.ProfileE|x86.Build.0 = ProfileE|Win32
		{6FF126FB-DDAE-4A85-B315-AE2BF7DA717D}.Release|x64.ActiveCfg = Release|x64
		{6FF126FB-DDAE-4A85-B315-AE2BF7DA717D}.Release|x64.Build.0 = Release|x64
		{6FF126FB-DDAE-4A85-B315-AE2BF7DA717D}.Release|x86.ActiveCfg = Release|Win32
		{6FF126FB-DDAE-4A85-B315-AE2BF7DA717D}.Release|x86.Build.0 = Release|Win32
		{6FF126FB-DDAE-4A85-B315-AE2BF7DA717D}.Template|x64.ActiveCfg = Template|x64
		{6FF126FB-DDAE-4A85-B315-AE2BF7DA717D}.Template|x64.Build.0 = Template|x64
		{6FF126FB-DDAE-4A85-B315-AE2BF7DA717D}.Template|x86.ActiveCfg = Template|Win32
		{6FF126FB-DDAE-4A85-B315-AE2BF7DA717D}.Template|x86.Build.0 = Template|Win32
		{CFCACD4B-266B-4D93-BFF6-8DA529E96A30}.Debug|x64.ActiveCfg = Debug|x64
		{CFCACD4B-266B-4D93-BFF6-8DA529E96A30}.Debug|x64.Build.0 = Debug|x64
		{CFCACD4B-266B-4D93-BFF6-8DA529E96A30}.Debug|x86.ActiveCfg = Debug|Win32
		{CFCACD4B-266B-4D93-BFF6-8DA529E96A30}.Debug|x86.Build.0 = Debug|Win32
		{CFCACD4B-266B-4D93-BFF6-8DA529E96A30}.DebugE|x64.ActiveCfg = Debug|x64
		{CFCACD4B-266B-4D93-BFF6-8DA529E96A30}.DebugE|x64.Build.0 = Debug|x64
		{CFCACD4B-266B-4D93-BFF6-8DA529E96A30}.DebugE|x86.ActiveCfg = Debug|Win32
		{CFCACD4B-266B-4D93-BFF6-8DA529E96A30}.DebugE|x86.Build.0 = Debug|Win32
		{CFCACD4B-266B-4D93-BFF6-8DA529E96A30}.Hybrid|x64.ActiveCfg = Profile|x64
		{CFCACD4B-266B-4D93-BFF6-8DA529E96A30}.Hybrid|x64.Build.0 = Profile|x64
		{CFCACD4B-266B-4D93-BFF6-8DA529E96A30}.Hybrid|x86.ActiveCfg = Debug|Win32
		{CFCACD4B-266B-4D93-BFF6-8DA529E96A30}.Hybrid|x86.Build.0 = Debug|Win32
		{CFCACD4B-266B-4D93-BFF6-8DA529E96A30}.Internal|x64.ActiveCfg = Internal|x64
		{CFCACD4B-266B-4D93-BFF6-8DA529E96A30}.Internal|x64.Build.0 = Internal|x64
		{CFCACD4B-266B-4D93-BFF6-8DA529E96A30}.Internal|x86.ActiveCfg = Internal|Win32
		{CFCACD4B-266B-4D93-BFF6-8DA529E96A30}.Internal|x86.Build.0 = Internal|Win32
		{CFCACD4B-266B-4D93-BFF6-8DA529E96A30}.Max4Hybrid|x64.ActiveCfg = Profile|x64
		{CFCACD4B-266B-4D93-BFF6-8DA529E96A30}.Max4Hybrid|x64.Build.0 = Profile|x64
		{CFCACD4B-266B-4D93-BFF6-8DA529E96A30}.Max4Hybrid|x86.ActiveCfg = Debug|Win32
		{CFCACD4B-266B-4D93-BFF6-8DA529E96A30}.Max4Hybrid|x86.Build.0 = Debug|Win32
		{CFCACD4B-266B-4D93-BFF6-8DA529E96A30}.Max4Release|x64.ActiveCfg = Release|x64
		{CFCACD4B-266B-4D93-BFF6-8DA529E96A30}.Max4Release|x64.Build.0 = Release|x64
		{CFCACD4B-266B-4D93-BFF6-8DA529E96A30}.Max4Release|x86.ActiveCfg = Release|Win32
		{CFCACD4B-266B-4D93-BFF6-8DA529E96A30}.Max4Release|x86.Build.0 = Release|Win32
		{CFCACD4B-266B-4D93-BFF6-8DA529E96A30}.Profile|x64.ActiveCfg = Profile|x64
		{CFCACD4B-266B-4D93-BFF6-8DA529E96A30}.Profile|x64.Build.0 = Profile|x64
		{CFCACD4B-266B-4D93-BFF6-8DA529E96A30}.Profile|x86.ActiveCfg = Profile|Win32
		{CFCACD4B-266B-4D93-BFF6-8DA529E96A30}.Profile|x86.Build.0 = Profile|Win32
		{CFCACD4B-266B-4D93-BFF6-8DA529E96A30}.ProfileE|x64.ActiveCfg = Profile|x64
		{CFCACD4B-266B-4D93-BFF6-8DA529E96A30}.ProfileE|x64.Build.0 = Profile|x64
		{CFCACD4B-266B-4D93-BFF6-8DA529E96A30}.ProfileE|x86.ActiveCfg = Profile|Win32
		{CFCACD4B-266B-4D93-BFF6-8DA529E96A30}.ProfileE|x86.Build.0 = Profile|Win32
		{CFCACD4B-266B-4D93-BFF6-8DA529E96A30}.Release|x64.ActiveCfg = Release|x64
		{CFCACD4B-266B-4D93-BFF6-8DA529E96A30}.Release|x64.Build.0 = Release|x64
		{CFCACD4B-266B-4D93-BFF6-8DA529E96A30}.Release|x86.ActiveCfg = Release|Win32
		{CFCACD4B-266B-4D93-BFF6-8DA529E96A30}.Release|x86.Build.0 = Release|Win32
		{CFCACD4B-266B-4D93-BFF6-8DA529E96A30}.Template|x64.ActiveCfg = Template|x64
		{CFCACD4B-266B-4D93-BFF6-8DA529E96A30}.Template|x64.Build.0 = Template|x64
		{CFCACD4B-266B-4D93-BFF6-8DA529E96A30}.Template|x86.ActiveCfg = Template|Win32
		{CFCACD4B-266B-4D93-BFF6-8DA529E96A30}.Template|x86.Build.0 = Template|Win32
	EndGlobalSection
	GlobalSection(SolutionProperties) = preSolution
		HideSolutionNode = FALSE
	EndGlobalSection
	GlobalSection(ExtensibilityGlobals) = postSolution
		SolutionGuid = {8D8323B3-9B26-48B4-BDED-E4B9DD4C8672}
	EndGlobalSection
EndGlobal
