<?xml version="1.0" encoding="utf-8"?>
<Project ToolsVersion="4.0" xmlns="http://schemas.microsoft.com/developer/msbuild/2003">
  <ItemGroup>
    <Filter Include="Source Files">
      <UniqueIdentifier>{2dcb7686-69ad-4968-91f0-e3d3f50b5005}</UniqueIdentifier>
      <Extensions>cpp;c;cxx;rc;def;r;odl;idl;hpj;bat</Extensions>
    </Filter>
    <Filter Include="Header Files">
      <UniqueIdentifier>{0345ce48-f63f-43f6-ab6e-b9eb51f93a08}</UniqueIdentifier>
      <Extensions>h;hpp;hxx;hm;inl</Extensions>
    </Filter>
  </ItemGroup>
  <ItemGroup>
    <ClCompile Include="Ftp.cpp">
      <Filter>Source Files</Filter>
    </ClCompile>
    <ClCompile Include="registry.cpp">
      <Filter>Source Files</Filter>
    </ClCompile>
    <ClCompile Include="urlBuilder.cpp">
      <Filter>Source Files</Filter>
    </ClCompile>
    <ClCompile Include="$(SolutionDir)\..\..\Common\Code\Libraries\Source\WWVegas\WWDownload\Download.cpp">
      <Filter>Source Files</Filter>
    </ClCompile>
  </ItemGroup>
  <ItemGroup>
    <ClInclude Include="Download.h">
      <Filter>Header Files</Filter>
    </ClInclude>
    <ClInclude Include="DownloadDebug.h">
      <Filter>Header Files</Filter>
    </ClInclude>
    <ClInclude Include="DownloadDefs.h">
      <Filter>Header Files</Filter>
    </ClInclude>
    <ClInclude Include="Ftp.h">
      <Filter>Header Files</Filter>
    </ClInclude>
    <ClInclude Include="FtpDefs.h">
      <Filter>Header Files</Filter>
    </ClInclude>
    <ClInclude Include="Registry.h">
      <Filter>Header Files</Filter>
    </ClInclude>
    <ClInclude Include="urlBuilder.h">
      <Filter>Header Files</Filter>
    </ClInclude>
  </ItemGroup>
</Project>